{
  "version": 4,
  "terraform_version": "1.14.4",
  "serial": 152,
  "lineage": "d1bc91ba-db1b-66d9-5b7b-32fbac56b20d",
  "outputs": {},
  "resources": [
    {
      "mode": "managed",
      "type": "yandex_vpc_network",
      "name": "main_vpc",
      "provider": "provider[\"registry.terraform.io/yandex-cloud/yandex\"]",
      "instances": [
        {
          "schema_version": 0,
          "attributes": {
            "created_at": "2026-07-17T09:39:14Z",
            "default_security_group_id": "enpgrk0f5a0cd140o1oi",
            "description": "",
            "folder_id": "b1g820nsu4vl828ji8gb",
            "id": "enpl5q29f8c3md8l4f04",
            "labels": {},
            "name": "coursework-main-network",
            "subnet_ids": [],
            "timeouts": null
          },
          "sensitive_attributes": [],
          "identity_schema_version": 0,
          "private": "eyJlMmJmYjczMC1lY2FhLTExZTYtOGY4OC0zNDM2M2JjN2M0YzAiOnsiY3JlYXRlIjo2MDAwMDAwMDAwMCwiZGVsZXRlIjo2MDAwMDAwMDAwMCwidXBkYXRlIjo2MDAwMDAwMDAwMH19"
        }
      ]
    }
  ],
  "check_results": null
}
