{
  "version": 4,
  "terraform_version": "1.14.4",
  "serial": 82,
  "lineage": "d1bc91ba-db1b-66d9-5b7b-32fbac56b20d",
  "outputs": {
    "IP_BALANCER_SITE_PUBLIC": {
      "value": "158.160.56.105",
      "type": "string"
    },
    "IP_BASTION_HOST_PUBLIC": {
      "value": "158.160.53.162",
      "type": "string"
    },
    "IP_GRAFANA_AND_LOGS_PUBLIC": {
      "value": "158.160.48.240",
      "type": "string"
    },
    "IP_INTERNAL_OPENSEARCH_STORAGE": {
      "value": "10.0.10.20",
      "type": "string"
    },
    "IP_INTERNAL_PROMETHEUS": {
      "value": "10.0.10.9",
      "type": "string"
    },
    "IP_INTERNAL_WEB_SERVER_1": {
      "value": "10.0.10.13",
      "type": "string"
    },
    "IP_INTERNAL_WEB_SERVER_2": {
      "value": "10.0.20.17",
      "type": "string"
    }
  },
  "resources": [
    {
      "mode": "data",
      "type": "yandex_compute_image",
      "name": "debian_base",
      "provider": "provider[\"registry.terraform.io/yandex-cloud/yandex\"]",
      "instances": [
        {
          "schema_version": 0,
          "attributes": {
            "created_at": "2026-06-16T11:40:47Z",
            "description": "debian 13  v20260615085422",
            "family": "debian-13",
            "folder_id": "standard-images",
            "hardware_generation": [
              {
                "generation2_features": [],
                "legacy_features": [
                  {
                    "pci_topology": "PCI_TOPOLOGY_V2"
                  }
                ]
              }
            ],
            "id": "fd8tps4kduh4m28n889n",
            "image_id": "fd8tps4kduh4m28n889n",
            "kms_key_id": null,
            "labels": {
              "version": "20260615085422",
              "x-hopper-operation-id": "d9p386tjlbrut86bpjpc",
              "x-hopper-source-image-id": "fd8loj2f35a723et2hj2"
            },
            "min_disk_size": 5,
            "name": "debian-13-v20260616",
            "os_type": "linux",
            "pooled": true,
            "product_ids": [
              "f2efr6hjgnc9844d6l0h"
            ],
            "size": 1,
            "status": "ready"
          },
          "sensitive_attributes": [],
          "identity_schema_version": 0
        }
      ]
    },
    {
      "mode": "managed",
      "type": "local_file",
      "name": "ansible_inventory",
      "provider": "provider[\"registry.terraform.io/hashicorp/local\"]",
      "instances": [
        {
          "schema_version": 0,
          "attributes": {
            "content": "[webservers]\nweb1 ansible_host=10.0.10.13\nweb2 ansible_host=10.0.20.17\n\n[prometheus_host]\nprometheus_server ansible_host=10.0.10.9\n\n[logging_storage]\nelasticsearch_server ansible_host=10.0.10.20\n\n[public_mgmt]\n# ИСПРАВЛЕНО: Обращаемся по внутреннему IP сквозь защищенный туннель Бастиона\ngrafana_kibana_server ansible_host=10.0.1.16\n\n[all:vars]\nansible_user=debian\nansible_ssh_private_key_file=/home/user/.ssh/id_rsa\nansible_ssh_common_args=\"-o StrictHostKeyChecking=no -o ProxyJump=debian@158.160.53.162\"\n",
            "content_base64": null,
            "content_base64sha256": "njWWhblkJ8GuDRybUBPw7RTYb+M7QRtWhwB+Md5wq4U=",
            "content_base64sha512": "t2pnJEdTW5KbDghHajjA3e5YWrZuUPWpTtI7lsX9Am89IJxrIodwE7TbjUG5g6VzCNJeeT3BKieXWS7cJ+cPMg==",
            "content_md5": "a8083ea3ae71b3b39f4933a7ce1285a8",
            "content_sha1": "7833b7fa0f13c9491739e735d9347ca0169c35a1",
            "content_sha256": "9e359685b96427c1ae0d1c9b5013f0ed14d86fe33b411b5687007e31de70ab85",
            "content_sha512": "b76a672447535b929b0e08476a38c0ddee585ab66e50f5a94ed23b96c5fd026f3d209c6b22877013b4db8d41b983a57308d25e793dc12a2797592edc27e70f32",
            "directory_permission": "0777",
            "file_permission": "0777",
            "filename": "../ansible/hosts.ini",
            "id": "7833b7fa0f13c9491739e735d9347ca0169c35a1",
            "sensitive_content": null,
            "source": null
          },
          "sensitive_attributes": [
            [
              {
                "type": "get_attr",
                "value": "sensitive_content"
              }
            ]
          ],
          "identity_schema_version": 0,
          "dependencies": [
            "data.yandex_compute_image.debian_base",
            "yandex_compute_instance.bastion",
            "yandex_compute_instance.grafana_kibana",
            "yandex_compute_instance.opensearch",
            "yandex_compute_instance.prometheus",
            "yandex_compute_instance.web_1",
            "yandex_compute_instance.web_2",
            "yandex_vpc_gateway.nat_gateway",
            "yandex_vpc_network.main_vpc",
            "yandex_vpc_route_table.nat_route_table",
            "yandex_vpc_security_group.alb_sg",
            "yandex_vpc_security_group.bastion_sg",
            "yandex_vpc_security_group.internal_mgmt_sg",
            "yandex_vpc_security_group.public_ui_sg",
            "yandex_vpc_security_group.web_sg",
            "yandex_vpc_subnet.private_a",
            "yandex_vpc_subnet.private_b",
            "yandex_vpc_subnet.public_a"
          ]
        }
      ]
    },
    {
      "mode": "managed",
      "type": "yandex_alb_backend_group",
      "name": "web_bg",
      "provider": "provider[\"registry.terraform.io/yandex-cloud/yandex\"]",
      "instances": [
        {
          "schema_version": 0,
          "attributes": {
            "created_at": "2026-07-17T09:56:37Z",
            "description": "",
            "folder_id": "b1g820nsu4vl828ji8gb",
            "grpc_backend": [],
            "http_backend": [
              {
                "healthcheck": [
                  {
                    "grpc_healthcheck": [],
                    "healthcheck_port": 0,
                    "healthy_threshold": 2,
                    "http_healthcheck": [
                      {
                        "expected_statuses": [],
                        "host": "",
                        "http2": false,
                        "path": "/"
                      }
                    ],
                    "interval": "3s",
                    "interval_jitter_percent": 0,
                    "stream_healthcheck": [],
                    "timeout": "1s",
                    "unhealthy_threshold": 2
                  }
                ],
                "http2": false,
                "load_balancing_config": [
                  {
                    "locality_aware_routing_percent": 0,
                    "mode": "ROUND_ROBIN",
                    "panic_threshold": 50,
                    "strict_locality": false
                  }
                ],
                "name": "http-backend",
                "port": 80,
                "storage_bucket": "",
                "target_group_ids": [
                  "ds7gt6feb1ifgsr0roi9"
                ],
                "tls": [],
                "weight": 1
              }
            ],
            "id": "ds7r34kbo6ets75lbm9i",
            "labels": {},
            "name": "site-backend-group",
            "session_affinity": [],
            "stream_backend": [],
            "timeouts": null
          },
          "sensitive_attributes": [],
          "identity_schema_version": 0,
          "private": "eyJlMmJmYjczMC1lY2FhLTExZTYtOGY4OC0zNDM2M2JjN2M0YzAiOnsiY3JlYXRlIjozMDAwMDAwMDAwMDAsImRlbGV0ZSI6MzAwMDAwMDAwMDAwLCJ1cGRhdGUiOjMwMDAwMDAwMDAwMH19",
          "dependencies": [
            "data.yandex_compute_image.debian_base",
            "yandex_alb_target_group.web_tg",
            "yandex_compute_instance.web_1",
            "yandex_compute_instance.web_2",
            "yandex_vpc_gateway.nat_gateway",
            "yandex_vpc_network.main_vpc",
            "yandex_vpc_route_table.nat_route_table",
            "yandex_vpc_security_group.alb_sg",
            "yandex_vpc_security_group.web_sg",
            "yandex_vpc_subnet.private_a",
            "yandex_vpc_subnet.private_b"
          ]
        }
      ]
    },
    {
      "mode": "managed",
      "type": "yandex_alb_http_router",
      "name": "web_router",
      "provider": "provider[\"registry.terraform.io/yandex-cloud/yandex\"]",
      "instances": [
        {
          "schema_version": 0,
          "attributes": {
            "created_at": "2026-07-17T09:39:14Z",
            "description": "",
            "folder_id": "b1g820nsu4vl828ji8gb",
            "id": "ds72ajg1oqk82tmgc1cv",
            "labels": {},
            "name": "site-http-router",
            "route_options": [],
            "timeouts": null
          },
          "sensitive_attributes": [],
          "identity_schema_version": 0,
          "private": "eyJlMmJmYjczMC1lY2FhLTExZTYtOGY4OC0zNDM2M2JjN2M0YzAiOnsiY3JlYXRlIjozMDAwMDAwMDAwMDAsImRlbGV0ZSI6MzAwMDAwMDAwMDAwLCJ1cGRhdGUiOjMwMDAwMDAwMDAwMH19"
        }
      ]
    },
    {
      "mode": "managed",
      "type": "yandex_alb_load_balancer",
      "name": "web_alb",
      "provider": "provider[\"registry.terraform.io/yandex-cloud/yandex\"]",
      "instances": [
        {
          "schema_version": 0,
          "attributes": {
            "allocation_policy": [
              {
                "location": [
                  {
                    "disable_traffic": false,
                    "subnet_id": "e2lbbv138ru3d2rk1u5l",
                    "zone_id": "ru-central1-b"
                  },
                  {
                    "disable_traffic": false,
                    "subnet_id": "e9brnmhdah5emmt97lil",
                    "zone_id": "ru-central1-a"
                  }
                ]
              }
            ],
            "allow_zonal_shift": false,
            "auto_scale_policy": [],
            "created_at": "2026-07-17T09:39:18Z",
            "description": "",
            "folder_id": "b1g820nsu4vl828ji8gb",
            "id": "ds717hj901qsq2dm6fk1",
            "labels": {},
            "listener": [
              {
                "endpoint": [
                  {
                    "address": [
                      {
                        "external_ipv4_address": [
                          {
                            "address": "158.160.56.105"
                          }
                        ],
                        "external_ipv6_address": [],
                        "internal_ipv4_address": []
                      }
                    ],
                    "ports": [
                      80
                    ]
                  }
                ],
                "http": [
                  {
                    "handler": [
                      {
                        "allow_http10": false,
                        "http2_options": [],
                        "http_router_id": "ds72ajg1oqk82tmgc1cv",
                        "preserve_http1_header_casing": false,
                        "rewrite_request_id": false
                      }
                    ],
                    "redirects": []
                  }
                ],
                "name": "http-listener",
                "stream": [],
                "tls": []
              }
            ],
            "log_group_id": "",
            "log_options": [],
            "name": "site-application-load-balancer",
            "network_id": "enpl5q29f8c3md8l4f04",
            "region_id": "",
            "security_group_ids": [
              "enp88lh2v8jipcahrnda"
            ],
            "status": "active",
            "timeouts": null
          },
          "sensitive_attributes": [],
          "identity_schema_version": 0,
          "private": "eyJlMmJmYjczMC1lY2FhLTExZTYtOGY4OC0zNDM2M2JjN2M0YzAiOnsiY3JlYXRlIjo2MDAwMDAwMDAwMDAsImRlbGV0ZSI6NjAwMDAwMDAwMDAwLCJ1cGRhdGUiOjYwMDAwMDAwMDAwMH19",
          "dependencies": [
            "yandex_alb_http_router.web_router",
            "yandex_vpc_address.alb_address",
            "yandex_vpc_network.main_vpc",
            "yandex_vpc_security_group.alb_sg",
            "yandex_vpc_subnet.public_a",
            "yandex_vpc_subnet.public_b"
          ]
        }
      ]
    },
    {
      "mode": "managed",
      "type": "yandex_alb_target_group",
      "name": "web_tg",
      "provider": "provider[\"registry.terraform.io/yandex-cloud/yandex\"]",
      "instances": [
        {
          "schema_version": 0,
          "attributes": {
            "created_at": "2026-07-17T09:56:37Z",
            "description": "",
            "folder_id": "b1g820nsu4vl828ji8gb",
            "id": "ds7gt6feb1ifgsr0roi9",
            "labels": {},
            "name": "site-target-group",
            "target": [
              {
                "external_address": false,
                "ip_address": "10.0.10.13",
                "private_ipv4_address": false,
                "subnet_id": "e9bti1rb2b2qj35p3646"
              },
              {
                "external_address": false,
                "ip_address": "10.0.20.17",
                "private_ipv4_address": false,
                "subnet_id": "e2l506bph04n0i1ef63j"
              }
            ],
            "timeouts": null
          },
          "sensitive_attributes": [],
          "identity_schema_version": 0,
          "private": "eyJlMmJmYjczMC1lY2FhLTExZTYtOGY4OC0zNDM2M2JjN2M0YzAiOnsiY3JlYXRlIjozMDAwMDAwMDAwMDAsImRlbGV0ZSI6MzAwMDAwMDAwMDAwLCJ1cGRhdGUiOjMwMDAwMDAwMDAwMH19",
          "dependencies": [
            "data.yandex_compute_image.debian_base",
            "yandex_compute_instance.web_1",
            "yandex_compute_instance.web_2",
            "yandex_vpc_gateway.nat_gateway",
            "yandex_vpc_network.main_vpc",
            "yandex_vpc_route_table.nat_route_table",
            "yandex_vpc_security_group.alb_sg",
            "yandex_vpc_security_group.web_sg",
            "yandex_vpc_subnet.private_a",
            "yandex_vpc_subnet.private_b"
          ]
        }
      ]
    },
    {
      "mode": "managed",
      "type": "yandex_alb_virtual_host",
      "name": "web_vhost",
      "provider": "provider[\"registry.terraform.io/yandex-cloud/yandex\"]",
      "instances": [
        {
          "schema_version": 0,
          "attributes": {
            "authority": [],
            "http_router_id": "ds72ajg1oqk82tmgc1cv",
            "id": "ds72ajg1oqk82tmgc1cv/site-virtual-host",
            "modify_request_headers": [],
            "modify_response_headers": [],
            "name": "site-virtual-host",
            "rate_limit": [],
            "route": [
              {
                "client_certificate_forward": [],
                "disable_security_profile": false,
                "grpc_route": [],
                "http_route": [
                  {
                    "direct_response_action": [],
                    "http_match": [],
                    "http_route_action": [
                      {
                        "auto_host_rewrite": false,
                        "backend_group_id": "ds7r34kbo6ets75lbm9i",
                        "host_rewrite": "",
                        "idle_timeout": "",
                        "prefix_rewrite": "",
                        "rate_limit": [],
                        "regex_rewrite": [],
                        "timeout": "1m0s",
                        "upgrade_types": []
                      }
                    ],
                    "redirect_action": []
                  }
                ],
                "name": "root-path-route",
                "route_options": []
              }
            ],
            "route_options": [],
            "timeouts": null
          },
          "sensitive_attributes": [],
          "identity_schema_version": 0,
          "private": "eyJlMmJmYjczMC1lY2FhLTExZTYtOGY4OC0zNDM2M2JjN2M0YzAiOnsiY3JlYXRlIjozMDAwMDAwMDAwMDAsImRlbGV0ZSI6MzAwMDAwMDAwMDAwLCJ1cGRhdGUiOjMwMDAwMDAwMDAwMH19",
          "dependencies": [
            "data.yandex_compute_image.debian_base",
            "yandex_alb_backend_group.web_bg",
            "yandex_alb_http_router.web_router",
            "yandex_alb_target_group.web_tg",
            "yandex_compute_instance.web_1",
            "yandex_compute_instance.web_2",
            "yandex_vpc_gateway.nat_gateway",
            "yandex_vpc_network.main_vpc",
            "yandex_vpc_route_table.nat_route_table",
            "yandex_vpc_security_group.alb_sg",
            "yandex_vpc_security_group.web_sg",
            "yandex_vpc_subnet.private_a",
            "yandex_vpc_subnet.private_b"
          ]
        }
      ]
    },
    {
      "mode": "managed",
      "type": "yandex_compute_instance",
      "name": "bastion",
      "provider": "provider[\"registry.terraform.io/yandex-cloud/yandex\"]",
      "instances": [
        {
          "schema_version": 1,
          "attributes": {
            "allow_recreate": null,
            "allow_stopping_for_update": null,
            "boot_disk": [
              {
                "auto_delete": true,
                "device_name": "fhm9q7jif25o078fer5n",
                "disk_id": "fhm9q7jif25o078fer5n",
                "initialize_params": [
                  {
                    "block_size": 4096,
                    "description": "",
                    "image_id": "fd8tps4kduh4m28n889n",
                    "kms_key_id": "",
                    "name": "",
                    "size": 15,
                    "snapshot_id": "",
                    "type": "network-hdd"
                  }
                ],
                "mode": "READ_WRITE"
              }
            ],
            "created_at": "2026-07-17T09:55:48Z",
            "description": "",
            "filesystem": [],
            "folder_id": "b1g820nsu4vl828ji8gb",
            "fqdn": "fhmls7stgvn48io3jmrd.auto.internal",
            "gpu_cluster_id": "",
            "hardware_generation": [
              {
                "generation2_features": [],
                "legacy_features": [
                  {
                    "pci_topology": "PCI_TOPOLOGY_V2"
                  }
                ]
              }
            ],
            "hostname": "",
            "id": "fhmls7stgvn48io3jmrd",
            "labels": {},
            "local_disk": [],
            "maintenance_grace_period": "",
            "maintenance_policy": null,
            "metadata": {
              "ssh-keys": "debian:ssh-rsa AAAAB3NzaC1yc2EAAAADAQABAAABAQDi4jCfaGRRN5pPHFWoKRKHBW1i1xSwHj8fyA0/42IAh77oAD4zvjIJwKKO30CE3zdyxvqobgMt/JobntA7M5aWxU6Xr3xB4wmJT5mKZJ/HmMMSwBvbnW4NZAvk9PcPulfOeswfHPGWGgPk6/UFwCDdkqF4yrzSDVBJPuFpDLbjyx8BvAI6C0NN2kdR9LmlwXcHn7RcF04t1bT2OQYmb+++mVYmutpgZZew5Qh1TdT9dpj2KixhOTzZ7UIOgv/OtZItH3Y0t5/9oaLenDUA3xb7MGwPs8yeuER8vrwIQKwMQ1QHI1T6fnCVCNjwrMZRq0yNI170Umrcv+sUFAIehhZt user\n"
            },
            "metadata_options": [
              {
                "aws_v1_http_endpoint": 1,
                "aws_v1_http_token": 2,
                "aws_v2_http_endpoint": 1,
                "aws_v2_http_token": 1,
                "gce_http_endpoint": 1,
                "gce_http_token": 1
              }
            ],
            "name": "bastion-host",
            "network_acceleration_type": "standard",
            "network_interface": [
              {
                "dns_record": [],
                "index": 0,
                "ip_address": "10.0.1.24",
                "ipv4": true,
                "ipv6": false,
                "ipv6_address": "",
                "ipv6_dns_record": [],
                "mac_address": "d0:0d:15:e1:f9:d8",
                "nat": true,
                "nat_dns_record": [],
                "nat_ip_address": "158.160.53.162",
                "nat_ip_version": "IPV4",
                "security_group_ids": [
                  "enp8vp8jcb3c68md7kjc"
                ],
                "subnet_id": "e9brnmhdah5emmt97lil"
              }
            ],
            "placement_policy": [
              {
                "host_affinity_rules": [],
                "placement_group_id": "",
                "placement_group_partition": 0
              }
            ],
            "platform_id": "standard-v3",
            "reserved_instance_pool_id": "",
            "resources": [
              {
                "core_fraction": 20,
                "cores": 2,
                "gpus": 0,
                "memory": 2
              }
            ],
            "scheduling_policy": [
              {
                "preemptible": true
              }
            ],
            "secondary_disk": [],
            "service_account_id": "",
            "status": "running",
            "timeouts": null,
            "zone": "ru-central1-a"
          },
          "sensitive_attributes": [],
          "identity_schema_version": 0,
          "private": "eyJlMmJmYjczMC1lY2FhLTExZTYtOGY4OC0zNDM2M2JjN2M0YzAiOnsiY3JlYXRlIjozMDAwMDAwMDAwMDAsImRlbGV0ZSI6MzAwMDAwMDAwMDAwLCJ1cGRhdGUiOjMwMDAwMDAwMDAwMH0sInNjaGVtYV92ZXJzaW9uIjoiMSJ9",
          "dependencies": [
            "data.yandex_compute_image.debian_base",
            "yandex_vpc_network.main_vpc",
            "yandex_vpc_security_group.bastion_sg",
            "yandex_vpc_subnet.public_a"
          ]
        }
      ]
    },
    {
      "mode": "managed",
      "type": "yandex_compute_instance",
      "name": "grafana_kibana",
      "provider": "provider[\"registry.terraform.io/yandex-cloud/yandex\"]",
      "instances": [
        {
          "schema_version": 1,
          "attributes": {
            "allow_recreate": null,
            "allow_stopping_for_update": null,
            "boot_disk": [
              {
                "auto_delete": true,
                "device_name": "fhmf22cld5sjokgqnfsn",
                "disk_id": "fhmf22cld5sjokgqnfsn",
                "initialize_params": [
                  {
                    "block_size": 4096,
                    "description": "",
                    "image_id": "fd8tps4kduh4m28n889n",
                    "kms_key_id": "",
                    "name": "",
                    "size": 20,
                    "snapshot_id": "",
                    "type": "network-hdd"
                  }
                ],
                "mode": "READ_WRITE"
              }
            ],
            "created_at": "2026-07-17T09:55:48Z",
            "description": "",
            "filesystem": [],
            "folder_id": "b1g820nsu4vl828ji8gb",
            "fqdn": "fhm7g9p41fs3m4s0je9c.auto.internal",
            "gpu_cluster_id": "",
            "hardware_generation": [
              {
                "generation2_features": [],
                "legacy_features": [
                  {
                    "pci_topology": "PCI_TOPOLOGY_V2"
                  }
                ]
              }
            ],
            "hostname": "",
            "id": "fhm7g9p41fs3m4s0je9c",
            "labels": {},
            "local_disk": [],
            "maintenance_grace_period": "",
            "maintenance_policy": null,
            "metadata": {
              "ssh-keys": "debian:ssh-rsa AAAAB3NzaC1yc2EAAAADAQABAAABAQDi4jCfaGRRN5pPHFWoKRKHBW1i1xSwHj8fyA0/42IAh77oAD4zvjIJwKKO30CE3zdyxvqobgMt/JobntA7M5aWxU6Xr3xB4wmJT5mKZJ/HmMMSwBvbnW4NZAvk9PcPulfOeswfHPGWGgPk6/UFwCDdkqF4yrzSDVBJPuFpDLbjyx8BvAI6C0NN2kdR9LmlwXcHn7RcF04t1bT2OQYmb+++mVYmutpgZZew5Qh1TdT9dpj2KixhOTzZ7UIOgv/OtZItH3Y0t5/9oaLenDUA3xb7MGwPs8yeuER8vrwIQKwMQ1QHI1T6fnCVCNjwrMZRq0yNI170Umrcv+sUFAIehhZt user\n"
            },
            "metadata_options": [
              {
                "aws_v1_http_endpoint": 1,
                "aws_v1_http_token": 2,
                "aws_v2_http_endpoint": 1,
                "aws_v2_http_token": 1,
                "gce_http_endpoint": 1,
                "gce_http_token": 1
              }
            ],
            "name": "grafana-kibana-server",
            "network_acceleration_type": "standard",
            "network_interface": [
              {
                "dns_record": [],
                "index": 0,
                "ip_address": "10.0.1.16",
                "ipv4": true,
                "ipv6": false,
                "ipv6_address": "",
                "ipv6_dns_record": [],
                "mac_address": "d0:0d:78:27:24:0b",
                "nat": true,
                "nat_dns_record": [],
                "nat_ip_address": "158.160.48.240",
                "nat_ip_version": "IPV4",
                "security_group_ids": [
                  "enpr2rcq1i15q47tefpc"
                ],
                "subnet_id": "e9brnmhdah5emmt97lil"
              }
            ],
            "placement_policy": [
              {
                "host_affinity_rules": [],
                "placement_group_id": "",
                "placement_group_partition": 0
              }
            ],
            "platform_id": "standard-v3",
            "reserved_instance_pool_id": "",
            "resources": [
              {
                "core_fraction": 20,
                "cores": 2,
                "gpus": 0,
                "memory": 4
              }
            ],
            "scheduling_policy": [
              {
                "preemptible": true
              }
            ],
            "secondary_disk": [],
            "service_account_id": "",
            "status": "running",
            "timeouts": null,
            "zone": "ru-central1-a"
          },
          "sensitive_attributes": [],
          "identity_schema_version": 0,
          "private": "eyJlMmJmYjczMC1lY2FhLTExZTYtOGY4OC0zNDM2M2JjN2M0YzAiOnsiY3JlYXRlIjozMDAwMDAwMDAwMDAsImRlbGV0ZSI6MzAwMDAwMDAwMDAwLCJ1cGRhdGUiOjMwMDAwMDAwMDAwMH0sInNjaGVtYV92ZXJzaW9uIjoiMSJ9",
          "dependencies": [
            "data.yandex_compute_image.debian_base",
            "yandex_vpc_network.main_vpc",
            "yandex_vpc_security_group.public_ui_sg",
            "yandex_vpc_subnet.public_a"
          ]
        }
      ]
    },
    {
      "mode": "managed",
      "type": "yandex_compute_instance",
      "name": "opensearch",
      "provider": "provider[\"registry.terraform.io/yandex-cloud/yandex\"]",
      "instances": [
        {
          "schema_version": 1,
          "attributes": {
            "allow_recreate": null,
            "allow_stopping_for_update": null,
            "boot_disk": [
              {
                "auto_delete": true,
                "device_name": "fhmhlrv8gkaempf7bins",
                "disk_id": "fhmhlrv8gkaempf7bins",
                "initialize_params": [
                  {
                    "block_size": 4096,
                    "description": "",
                    "image_id": "fd8tps4kduh4m28n889n",
                    "kms_key_id": "",
                    "name": "",
                    "size": 20,
                    "snapshot_id": "",
                    "type": "network-hdd"
                  }
                ],
                "mode": "READ_WRITE"
              }
            ],
            "created_at": "2026-07-17T09:55:49Z",
            "description": "",
            "filesystem": [],
            "folder_id": "b1g820nsu4vl828ji8gb",
            "fqdn": "fhmuvemskq4cpplaoofm.auto.internal",
            "gpu_cluster_id": "",
            "hardware_generation": [
              {
                "generation2_features": [],
                "legacy_features": [
                  {
                    "pci_topology": "PCI_TOPOLOGY_V2"
                  }
                ]
              }
            ],
            "hostname": "",
            "id": "fhmuvemskq4cpplaoofm",
            "labels": {},
            "local_disk": [],
            "maintenance_grace_period": "",
            "maintenance_policy": null,
            "metadata": {
              "ssh-keys": "debian:ssh-rsa AAAAB3NzaC1yc2EAAAADAQABAAABAQDi4jCfaGRRN5pPHFWoKRKHBW1i1xSwHj8fyA0/42IAh77oAD4zvjIJwKKO30CE3zdyxvqobgMt/JobntA7M5aWxU6Xr3xB4wmJT5mKZJ/HmMMSwBvbnW4NZAvk9PcPulfOeswfHPGWGgPk6/UFwCDdkqF4yrzSDVBJPuFpDLbjyx8BvAI6C0NN2kdR9LmlwXcHn7RcF04t1bT2OQYmb+++mVYmutpgZZew5Qh1TdT9dpj2KixhOTzZ7UIOgv/OtZItH3Y0t5/9oaLenDUA3xb7MGwPs8yeuER8vrwIQKwMQ1QHI1T6fnCVCNjwrMZRq0yNI170Umrcv+sUFAIehhZt user\n"
            },
            "metadata_options": [
              {
                "aws_v1_http_endpoint": 1,
                "aws_v1_http_token": 2,
                "aws_v2_http_endpoint": 1,
                "aws_v2_http_token": 1,
                "gce_http_endpoint": 1,
                "gce_http_token": 1
              }
            ],
            "name": "elasticsearch-logs-server",
            "network_acceleration_type": "standard",
            "network_interface": [
              {
                "dns_record": [],
                "index": 0,
                "ip_address": "10.0.10.20",
                "ipv4": true,
                "ipv6": false,
                "ipv6_address": "",
                "ipv6_dns_record": [],
                "mac_address": "d0:0d:1e:fb:ad:ca",
                "nat": false,
                "nat_dns_record": [],
                "nat_ip_address": "",
                "nat_ip_version": "",
                "security_group_ids": [
                  "enpk8falf0nnqmvj6jnf"
                ],
                "subnet_id": "e9bti1rb2b2qj35p3646"
              }
            ],
            "placement_policy": [
              {
                "host_affinity_rules": [],
                "placement_group_id": "",
                "placement_group_partition": 0
              }
            ],
            "platform_id": "standard-v3",
            "reserved_instance_pool_id": "",
            "resources": [
              {
                "core_fraction": 20,
                "cores": 2,
                "gpus": 0,
                "memory": 4
              }
            ],
            "scheduling_policy": [
              {
                "preemptible": true
              }
            ],
            "secondary_disk": [],
            "service_account_id": "",
            "status": "running",
            "timeouts": null,
            "zone": "ru-central1-a"
          },
          "sensitive_attributes": [],
          "identity_schema_version": 0,
          "private": "eyJlMmJmYjczMC1lY2FhLTExZTYtOGY4OC0zNDM2M2JjN2M0YzAiOnsiY3JlYXRlIjozMDAwMDAwMDAwMDAsImRlbGV0ZSI6MzAwMDAwMDAwMDAwLCJ1cGRhdGUiOjMwMDAwMDAwMDAwMH0sInNjaGVtYV92ZXJzaW9uIjoiMSJ9",
          "dependencies": [
            "data.yandex_compute_image.debian_base",
            "yandex_vpc_gateway.nat_gateway",
            "yandex_vpc_network.main_vpc",
            "yandex_vpc_route_table.nat_route_table",
            "yandex_vpc_security_group.internal_mgmt_sg",
            "yandex_vpc_subnet.private_a"
          ]
        }
      ]
    },
    {
      "mode": "managed",
      "type": "yandex_compute_instance",
      "name": "prometheus",
      "provider": "provider[\"registry.terraform.io/yandex-cloud/yandex\"]",
      "instances": [
        {
          "schema_version": 1,
          "attributes": {
            "allow_recreate": null,
            "allow_stopping_for_update": null,
            "boot_disk": [
              {
                "auto_delete": true,
                "device_name": "fhmk74lvdeeektgha8od",
                "disk_id": "fhmk74lvdeeektgha8od",
                "initialize_params": [
                  {
                    "block_size": 4096,
                    "description": "",
                    "image_id": "fd8tps4kduh4m28n889n",
                    "kms_key_id": "",
                    "name": "",
                    "size": 15,
                    "snapshot_id": "",
                    "type": "network-hdd"
                  }
                ],
                "mode": "READ_WRITE"
              }
            ],
            "created_at": "2026-07-17T09:55:49Z",
            "description": "",
            "filesystem": [],
            "folder_id": "b1g820nsu4vl828ji8gb",
            "fqdn": "fhm6e1kf8u2b1r266753.auto.internal",
            "gpu_cluster_id": "",
            "hardware_generation": [
              {
                "generation2_features": [],
                "legacy_features": [
                  {
                    "pci_topology": "PCI_TOPOLOGY_V2"
                  }
                ]
              }
            ],
            "hostname": "",
            "id": "fhm6e1kf8u2b1r266753",
            "labels": {},
            "local_disk": [],
            "maintenance_grace_period": "",
            "maintenance_policy": null,
            "metadata": {
              "ssh-keys": "debian:ssh-rsa AAAAB3NzaC1yc2EAAAADAQABAAABAQDi4jCfaGRRN5pPHFWoKRKHBW1i1xSwHj8fyA0/42IAh77oAD4zvjIJwKKO30CE3zdyxvqobgMt/JobntA7M5aWxU6Xr3xB4wmJT5mKZJ/HmMMSwBvbnW4NZAvk9PcPulfOeswfHPGWGgPk6/UFwCDdkqF4yrzSDVBJPuFpDLbjyx8BvAI6C0NN2kdR9LmlwXcHn7RcF04t1bT2OQYmb+++mVYmutpgZZew5Qh1TdT9dpj2KixhOTzZ7UIOgv/OtZItH3Y0t5/9oaLenDUA3xb7MGwPs8yeuER8vrwIQKwMQ1QHI1T6fnCVCNjwrMZRq0yNI170Umrcv+sUFAIehhZt user\n"
            },
            "metadata_options": [
              {
                "aws_v1_http_endpoint": 1,
                "aws_v1_http_token": 2,
                "aws_v2_http_endpoint": 1,
                "aws_v2_http_token": 1,
                "gce_http_endpoint": 1,
                "gce_http_token": 1
              }
            ],
            "name": "prometheus-server",
            "network_acceleration_type": "standard",
            "network_interface": [
              {
                "dns_record": [],
                "index": 0,
                "ip_address": "10.0.10.9",
                "ipv4": true,
                "ipv6": false,
                "ipv6_address": "",
                "ipv6_dns_record": [],
                "mac_address": "d0:0d:67:06:8f:47",
                "nat": false,
                "nat_dns_record": [],
                "nat_ip_address": "",
                "nat_ip_version": "",
                "security_group_ids": [
                  "enpk8falf0nnqmvj6jnf"
                ],
                "subnet_id": "e9bti1rb2b2qj35p3646"
              }
            ],
            "placement_policy": [
              {
                "host_affinity_rules": [],
                "placement_group_id": "",
                "placement_group_partition": 0
              }
            ],
            "platform_id": "standard-v3",
            "reserved_instance_pool_id": "",
            "resources": [
              {
                "core_fraction": 20,
                "cores": 2,
                "gpus": 0,
                "memory": 2
              }
            ],
            "scheduling_policy": [
              {
                "preemptible": true
              }
            ],
            "secondary_disk": [],
            "service_account_id": "",
            "status": "running",
            "timeouts": null,
            "zone": "ru-central1-a"
          },
          "sensitive_attributes": [],
          "identity_schema_version": 0,
          "private": "eyJlMmJmYjczMC1lY2FhLTExZTYtOGY4OC0zNDM2M2JjN2M0YzAiOnsiY3JlYXRlIjozMDAwMDAwMDAwMDAsImRlbGV0ZSI6MzAwMDAwMDAwMDAwLCJ1cGRhdGUiOjMwMDAwMDAwMDAwMH0sInNjaGVtYV92ZXJzaW9uIjoiMSJ9",
          "dependencies": [
            "data.yandex_compute_image.debian_base",
            "yandex_vpc_gateway.nat_gateway",
            "yandex_vpc_network.main_vpc",
            "yandex_vpc_route_table.nat_route_table",
            "yandex_vpc_security_group.internal_mgmt_sg",
            "yandex_vpc_subnet.private_a"
          ]
        }
      ]
    },
    {
      "mode": "managed",
      "type": "yandex_compute_instance",
      "name": "web_1",
      "provider": "provider[\"registry.terraform.io/yandex-cloud/yandex\"]",
      "instances": [
        {
          "schema_version": 1,
          "attributes": {
            "allow_recreate": null,
            "allow_stopping_for_update": null,
            "boot_disk": [
              {
                "auto_delete": true,
                "device_name": "fhmo24bcpf7tm688fh3r",
                "disk_id": "fhmo24bcpf7tm688fh3r",
                "initialize_params": [
                  {
                    "block_size": 4096,
                    "description": "",
                    "image_id": "fd8tps4kduh4m28n889n",
                    "kms_key_id": "",
                    "name": "",
                    "size": 15,
                    "snapshot_id": "",
                    "type": "network-hdd"
                  }
                ],
                "mode": "READ_WRITE"
              }
            ],
            "created_at": "2026-07-17T09:55:49Z",
            "description": "",
            "filesystem": [],
            "folder_id": "b1g820nsu4vl828ji8gb",
            "fqdn": "fhm7sdrpee9kikc6eand.auto.internal",
            "gpu_cluster_id": "",
            "hardware_generation": [
              {
                "generation2_features": [],
                "legacy_features": [
                  {
                    "pci_topology": "PCI_TOPOLOGY_V2"
                  }
                ]
              }
            ],
            "hostname": "",
            "id": "fhm7sdrpee9kikc6eand",
            "labels": {},
            "local_disk": [],
            "maintenance_grace_period": "",
            "maintenance_policy": null,
            "metadata": {
              "ssh-keys": "debian:ssh-rsa AAAAB3NzaC1yc2EAAAADAQABAAABAQDi4jCfaGRRN5pPHFWoKRKHBW1i1xSwHj8fyA0/42IAh77oAD4zvjIJwKKO30CE3zdyxvqobgMt/JobntA7M5aWxU6Xr3xB4wmJT5mKZJ/HmMMSwBvbnW4NZAvk9PcPulfOeswfHPGWGgPk6/UFwCDdkqF4yrzSDVBJPuFpDLbjyx8BvAI6C0NN2kdR9LmlwXcHn7RcF04t1bT2OQYmb+++mVYmutpgZZew5Qh1TdT9dpj2KixhOTzZ7UIOgv/OtZItH3Y0t5/9oaLenDUA3xb7MGwPs8yeuER8vrwIQKwMQ1QHI1T6fnCVCNjwrMZRq0yNI170Umrcv+sUFAIehhZt user\n"
            },
            "metadata_options": [
              {
                "aws_v1_http_endpoint": 1,
                "aws_v1_http_token": 2,
                "aws_v2_http_endpoint": 1,
                "aws_v2_http_token": 1,
                "gce_http_endpoint": 1,
                "gce_http_token": 1
              }
            ],
            "name": "web-server-1",
            "network_acceleration_type": "standard",
            "network_interface": [
              {
                "dns_record": [],
                "index": 0,
                "ip_address": "10.0.10.13",
                "ipv4": true,
                "ipv6": false,
                "ipv6_address": "",
                "ipv6_dns_record": [],
                "mac_address": "d0:0d:7e:37:79:73",
                "nat": false,
                "nat_dns_record": [],
                "nat_ip_address": "",
                "nat_ip_version": "",
                "security_group_ids": [
                  "enp0b4lfs0blucf4p799"
                ],
                "subnet_id": "e9bti1rb2b2qj35p3646"
              }
            ],
            "placement_policy": [
              {
                "host_affinity_rules": [],
                "placement_group_id": "",
                "placement_group_partition": 0
              }
            ],
            "platform_id": "standard-v3",
            "reserved_instance_pool_id": "",
            "resources": [
              {
                "core_fraction": 20,
                "cores": 2,
                "gpus": 0,
                "memory": 2
              }
            ],
            "scheduling_policy": [
              {
                "preemptible": true
              }
            ],
            "secondary_disk": [],
            "service_account_id": "",
            "status": "running",
            "timeouts": null,
            "zone": "ru-central1-a"
          },
          "sensitive_attributes": [],
          "identity_schema_version": 0,
          "private": "eyJlMmJmYjczMC1lY2FhLTExZTYtOGY4OC0zNDM2M2JjN2M0YzAiOnsiY3JlYXRlIjozMDAwMDAwMDAwMDAsImRlbGV0ZSI6MzAwMDAwMDAwMDAwLCJ1cGRhdGUiOjMwMDAwMDAwMDAwMH0sInNjaGVtYV92ZXJzaW9uIjoiMSJ9",
          "dependencies": [
            "data.yandex_compute_image.debian_base",
            "yandex_vpc_gateway.nat_gateway",
            "yandex_vpc_network.main_vpc",
            "yandex_vpc_route_table.nat_route_table",
            "yandex_vpc_security_group.alb_sg",
            "yandex_vpc_security_group.web_sg",
            "yandex_vpc_subnet.private_a"
          ]
        }
      ]
    },
    {
      "mode": "managed",
      "type": "yandex_compute_instance",
      "name": "web_2",
      "provider": "provider[\"registry.terraform.io/yandex-cloud/yandex\"]",
      "instances": [
        {
          "schema_version": 1,
          "attributes": {
            "allow_recreate": null,
            "allow_stopping_for_update": null,
            "boot_disk": [
              {
                "auto_delete": true,
                "device_name": "epderii4jgaq3at9oeaj",
                "disk_id": "epderii4jgaq3at9oeaj",
                "initialize_params": [
                  {
                    "block_size": 4096,
                    "description": "",
                    "image_id": "fd8tps4kduh4m28n889n",
                    "kms_key_id": "",
                    "name": "",
                    "size": 15,
                    "snapshot_id": "",
                    "type": "network-hdd"
                  }
                ],
                "mode": "READ_WRITE"
              }
            ],
            "created_at": "2026-07-17T09:55:49Z",
            "description": "",
            "filesystem": [],
            "folder_id": "b1g820nsu4vl828ji8gb",
            "fqdn": "epdam6hm41t4o2tn37p9.auto.internal",
            "gpu_cluster_id": "",
            "hardware_generation": [
              {
                "generation2_features": [],
                "legacy_features": [
                  {
                    "pci_topology": "PCI_TOPOLOGY_V2"
                  }
                ]
              }
            ],
            "hostname": "",
            "id": "epdam6hm41t4o2tn37p9",
            "labels": {},
            "local_disk": [],
            "maintenance_grace_period": "",
            "maintenance_policy": null,
            "metadata": {
              "ssh-keys": "debian:ssh-rsa AAAAB3NzaC1yc2EAAAADAQABAAABAQDi4jCfaGRRN5pPHFWoKRKHBW1i1xSwHj8fyA0/42IAh77oAD4zvjIJwKKO30CE3zdyxvqobgMt/JobntA7M5aWxU6Xr3xB4wmJT5mKZJ/HmMMSwBvbnW4NZAvk9PcPulfOeswfHPGWGgPk6/UFwCDdkqF4yrzSDVBJPuFpDLbjyx8BvAI6C0NN2kdR9LmlwXcHn7RcF04t1bT2OQYmb+++mVYmutpgZZew5Qh1TdT9dpj2KixhOTzZ7UIOgv/OtZItH3Y0t5/9oaLenDUA3xb7MGwPs8yeuER8vrwIQKwMQ1QHI1T6fnCVCNjwrMZRq0yNI170Umrcv+sUFAIehhZt user\n"
            },
            "metadata_options": [
              {
                "aws_v1_http_endpoint": 1,
                "aws_v1_http_token": 2,
                "aws_v2_http_endpoint": 1,
                "aws_v2_http_token": 1,
                "gce_http_endpoint": 1,
                "gce_http_token": 1
              }
            ],
            "name": "web-server-2",
            "network_acceleration_type": "standard",
            "network_interface": [
              {
                "dns_record": [],
                "index": 0,
                "ip_address": "10.0.20.17",
                "ipv4": true,
                "ipv6": false,
                "ipv6_address": "",
                "ipv6_dns_record": [],
                "mac_address": "d0:0d:ab:1a:36:20",
                "nat": false,
                "nat_dns_record": [],
                "nat_ip_address": "",
                "nat_ip_version": "",
                "security_group_ids": [
                  "enp0b4lfs0blucf4p799"
                ],
                "subnet_id": "e2l506bph04n0i1ef63j"
              }
            ],
            "placement_policy": [
              {
                "host_affinity_rules": [],
                "placement_group_id": "",
                "placement_group_partition": 0
              }
            ],
            "platform_id": "standard-v3",
            "reserved_instance_pool_id": "",
            "resources": [
              {
                "core_fraction": 20,
                "cores": 2,
                "gpus": 0,
                "memory": 2
              }
            ],
            "scheduling_policy": [
              {
                "preemptible": true
              }
            ],
            "secondary_disk": [],
            "service_account_id": "",
            "status": "running",
            "timeouts": null,
            "zone": "ru-central1-b"
          },
          "sensitive_attributes": [],
          "identity_schema_version": 0,
          "private": "eyJlMmJmYjczMC1lY2FhLTExZTYtOGY4OC0zNDM2M2JjN2M0YzAiOnsiY3JlYXRlIjozMDAwMDAwMDAwMDAsImRlbGV0ZSI6MzAwMDAwMDAwMDAwLCJ1cGRhdGUiOjMwMDAwMDAwMDAwMH0sInNjaGVtYV92ZXJzaW9uIjoiMSJ9",
          "dependencies": [
            "data.yandex_compute_image.debian_base",
            "yandex_vpc_gateway.nat_gateway",
            "yandex_vpc_network.main_vpc",
            "yandex_vpc_route_table.nat_route_table",
            "yandex_vpc_security_group.alb_sg",
            "yandex_vpc_security_group.web_sg",
            "yandex_vpc_subnet.private_b"
          ]
        }
      ]
    },
    {
      "mode": "managed",
      "type": "yandex_compute_snapshot_schedule",
      "name": "daily_backup",
      "provider": "provider[\"registry.terraform.io/yandex-cloud/yandex\"]",
      "instances": [
        {
          "schema_version": 0,
          "attributes": {
            "created_at": "2026-07-17T09:56:37Z",
            "description": "",
            "disk_ids": [
              "epderii4jgaq3at9oeaj",
              "fhm9q7jif25o078fer5n",
              "fhmf22cld5sjokgqnfsn",
              "fhmhlrv8gkaempf7bins",
              "fhmk74lvdeeektgha8od",
              "fhmo24bcpf7tm688fh3r"
            ],
            "folder_id": "b1g820nsu4vl828ji8gb",
            "id": "fd8vc3b4h5tug5jcdoch",
            "labels": {},
            "name": "infrastructure-daily-backup-plan",
            "retention_period": "168h0m0s",
            "schedule_policy": [
              {
                "expression": "0 2 * * *",
                "start_at": "1970-01-01T00:00:00Z"
              }
            ],
            "snapshot_count": 0,
            "snapshot_spec": [
              {
                "description": "Daily automatic backup snapshot",
                "labels": {}
              }
            ],
            "status": "active",
            "timeouts": null
          },
          "sensitive_attributes": [],
          "identity_schema_version": 0,
          "private": "eyJlMmJmYjczMC1lY2FhLTExZTYtOGY4OC0zNDM2M2JjN2M0YzAiOnsiY3JlYXRlIjozMDAwMDAwMDAwMDAsImRlbGV0ZSI6MzAwMDAwMDAwMDAwLCJ1cGRhdGUiOjMwMDAwMDAwMDAwMH19",
          "dependencies": [
            "data.yandex_compute_image.debian_base",
            "yandex_compute_instance.bastion",
            "yandex_compute_instance.grafana_kibana",
            "yandex_compute_instance.opensearch",
            "yandex_compute_instance.prometheus",
            "yandex_compute_instance.web_1",
            "yandex_compute_instance.web_2",
            "yandex_vpc_gateway.nat_gateway",
            "yandex_vpc_network.main_vpc",
            "yandex_vpc_route_table.nat_route",
            "yandex_vpc_route_table.nat_route_table",
            "yandex_vpc_security_group.alb_sg",
            "yandex_vpc_security_group.bastion_sg",
            "yandex_vpc_security_group.internal_mgmt_sg",
            "yandex_vpc_security_group.public_ui_sg",
            "yandex_vpc_security_group.web_sg",
            "yandex_vpc_subnet.private_a",
            "yandex_vpc_subnet.private_b",
            "yandex_vpc_subnet.public_a"
          ]
        }
      ]
    },
    {
      "mode": "managed",
      "type": "yandex_vpc_address",
      "name": "alb_address",
      "provider": "provider[\"registry.terraform.io/yandex-cloud/yandex\"]",
      "instances": [
        {
          "schema_version": 0,
          "attributes": {
            "created_at": "2026-07-17T09:39:15Z",
            "deletion_protection": false,
            "description": "",
            "dns_record": [],
            "external_ipv4_address": [
              {
                "address": "158.160.56.105",
                "ddos_protection_provider": "",
                "outgoing_smtp_capability": "",
                "zone_id": "ru-central1-a"
              }
            ],
            "folder_id": "b1g820nsu4vl828ji8gb",
            "id": "e9bntf6lc8vl51t28op1",
            "internal_ipv4_address": [],
            "labels": {},
            "name": "static-balancer-address",
            "reserved": true,
            "timeouts": null,
            "used": true
          },
          "sensitive_attributes": [],
          "identity_schema_version": 0,
          "private": "eyJlMmJmYjczMC1lY2FhLTExZTYtOGY4OC0zNDM2M2JjN2M0YzAiOnsiY3JlYXRlIjozMDAwMDAwMDAwMCwiZGVsZXRlIjozMDAwMDAwMDAwMCwidXBkYXRlIjozMDAwMDAwMDAwMH19"
        }
      ]
    },
    {
      "mode": "managed",
      "type": "yandex_vpc_gateway",
      "name": "nat_gateway",
      "provider": "provider[\"registry.terraform.io/yandex-cloud/yandex\"]",
      "instances": [
        {
          "schema_version": 0,
          "attributes": {
            "created_at": "2026-07-17T09:39:14Z",
            "description": "",
            "folder_id": "b1g820nsu4vl828ji8gb",
            "id": "enpkq1d6q109acv7p7ok",
            "labels": {},
            "name": "secure-nat-gateway",
            "shared_egress_gateway": [
              {}
            ],
            "timeouts": null
          },
          "sensitive_attributes": [],
          "identity_schema_version": 0,
          "private": "eyJlMmJmYjczMC1lY2FhLTExZTYtOGY4OC0zNDM2M2JjN2M0YzAiOnsiY3JlYXRlIjo2MDAwMDAwMDAwMCwiZGVsZXRlIjo2MDAwMDAwMDAwMCwidXBkYXRlIjo2MDAwMDAwMDAwMH19"
        }
      ]
    },
    {
      "mode": "managed",
      "type": "yandex_vpc_network",
      "name": "main_vpc",
      "provider": "provider[\"registry.terraform.io/yandex-cloud/yandex\"]",
      "instances": [
        {
          "schema_version": 0,
          "attributes": {
            "created_at": "2026-07-17T09:39:14Z",
            "default_security_group_id": "enpgrk0f5a0cd140o1oi",
            "description": "",
            "folder_id": "b1g820nsu4vl828ji8gb",
            "id": "enpl5q29f8c3md8l4f04",
            "labels": {},
            "name": "coursework-main-network",
            "subnet_ids": [
              "e2l506bph04n0i1ef63j",
              "e2lbbv138ru3d2rk1u5l",
              "e9brnmhdah5emmt97lil",
              "e9bti1rb2b2qj35p3646"
            ],
            "timeouts": null
          },
          "sensitive_attributes": [],
          "identity_schema_version": 0,
          "private": "eyJlMmJmYjczMC1lY2FhLTExZTYtOGY4OC0zNDM2M2JjN2M0YzAiOnsiY3JlYXRlIjo2MDAwMDAwMDAwMCwiZGVsZXRlIjo2MDAwMDAwMDAwMCwidXBkYXRlIjo2MDAwMDAwMDAwMH19"
        }
      ]
    },
    {
      "mode": "managed",
      "type": "yandex_vpc_route_table",
      "name": "nat_route",
      "provider": "provider[\"registry.terraform.io/yandex-cloud/yandex\"]",
      "instances": [
        {
          "schema_version": 0,
          "attributes": {
            "created_at": "2026-07-17T09:39:17Z",
            "description": "",
            "folder_id": "b1g820nsu4vl828ji8gb",
            "id": "enpmnvmn7mpor58muren",
            "labels": {},
            "name": "internal-nat-route-table",
            "network_id": "enpl5q29f8c3md8l4f04",
            "static_route": [
              {
                "destination_prefix": "0.0.0.0/0",
                "gateway_id": "enpkq1d6q109acv7p7ok",
                "next_hop_address": ""
              }
            ],
            "timeouts": null
          },
          "sensitive_attributes": [],
          "identity_schema_version": 0,
          "private": "eyJlMmJmYjczMC1lY2FhLTExZTYtOGY4OC0zNDM2M2JjN2M0YzAiOnsiY3JlYXRlIjoxODAwMDAwMDAwMDAsImRlbGV0ZSI6MTgwMDAwMDAwMDAwLCJ1cGRhdGUiOjE4MDAwMDAwMDAwMH19",
          "dependencies": [
            "yandex_vpc_gateway.nat_gateway",
            "yandex_vpc_network.main_vpc"
          ]
        }
      ]
    },
    {
      "mode": "managed",
      "type": "yandex_vpc_route_table",
      "name": "nat_route_table",
      "provider": "provider[\"registry.terraform.io/yandex-cloud/yandex\"]",
      "instances": [
        {
          "schema_version": 0,
          "attributes": {
            "created_at": "2026-07-17T12:53:19Z",
            "description": "",
            "folder_id": "b1g820nsu4vl828ji8gb",
            "id": "enp346b2pgohu6bhom5g",
            "labels": {},
            "name": "secure-nat-route-table",
            "network_id": "enpl5q29f8c3md8l4f04",
            "static_route": [
              {
                "destination_prefix": "0.0.0.0/0",
                "gateway_id": "enpkq1d6q109acv7p7ok",
                "next_hop_address": ""
              }
            ],
            "timeouts": null
          },
          "sensitive_attributes": [],
          "identity_schema_version": 0,
          "private": "eyJlMmJmYjczMC1lY2FhLTExZTYtOGY4OC0zNDM2M2JjN2M0YzAiOnsiY3JlYXRlIjoxODAwMDAwMDAwMDAsImRlbGV0ZSI6MTgwMDAwMDAwMDAwLCJ1cGRhdGUiOjE4MDAwMDAwMDAwMH19",
          "dependencies": [
            "yandex_vpc_gateway.nat_gateway",
            "yandex_vpc_network.main_vpc"
          ]
        }
      ]
    },
    {
      "mode": "managed",
      "type": "yandex_vpc_security_group",
      "name": "alb_sg",
      "provider": "provider[\"registry.terraform.io/yandex-cloud/yandex\"]",
      "instances": [
        {
          "schema_version": 0,
          "attributes": {
            "created_at": "2026-07-17T09:39:17Z",
            "description": "",
            "egress": [
              {
                "description": "",
                "from_port": 0,
                "id": "enpbofeo4aovp55trrfg",
                "labels": {},
                "port": -1,
                "predefined_target": "",
                "protocol": "ANY",
                "security_group_id": "",
                "to_port": 65535,
                "v4_cidr_blocks": [
                  "0.0.0.0/0"
                ],
                "v6_cidr_blocks": []
              }
            ],
            "folder_id": "b1g820nsu4vl828ji8gb",
            "id": "enp88lh2v8jipcahrnda",
            "ingress": [
              {
                "description": "",
                "from_port": -1,
                "id": "enp6t3b1de08cvp9r11d",
                "labels": {},
                "port": 80,
                "predefined_target": "",
                "protocol": "TCP",
                "security_group_id": "",
                "to_port": -1,
                "v4_cidr_blocks": [
                  "0.0.0.0/0"
                ],
                "v6_cidr_blocks": []
              }
            ],
            "labels": {},
            "name": "security-group-load-balancer",
            "network_id": "enpl5q29f8c3md8l4f04",
            "status": "ACTIVE",
            "timeouts": null
          },
          "sensitive_attributes": [],
          "identity_schema_version": 0,
          "private": "eyJlMmJmYjczMC1lY2FhLTExZTYtOGY4OC0zNDM2M2JjN2M0YzAiOnsiY3JlYXRlIjoxODAwMDAwMDAwMDAsImRlbGV0ZSI6MTgwMDAwMDAwMDAwLCJ1cGRhdGUiOjE4MDAwMDAwMDAwMH19",
          "dependencies": [
            "yandex_vpc_network.main_vpc"
          ]
        }
      ]
    },
    {
      "mode": "managed",
      "type": "yandex_vpc_security_group",
      "name": "bastion_sg",
      "provider": "provider[\"registry.terraform.io/yandex-cloud/yandex\"]",
      "instances": [
        {
          "schema_version": 0,
          "attributes": {
            "created_at": "2026-07-17T09:39:19Z",
            "description": "",
            "egress": [
              {
                "description": "",
                "from_port": 0,
                "id": "enpj8pblops11i0iomcb",
                "labels": {},
                "port": -1,
                "predefined_target": "",
                "protocol": "ANY",
                "security_group_id": "",
                "to_port": 65535,
                "v4_cidr_blocks": [
                  "0.0.0.0/0"
                ],
                "v6_cidr_blocks": []
              }
            ],
            "folder_id": "b1g820nsu4vl828ji8gb",
            "id": "enp8vp8jcb3c68md7kjc",
            "ingress": [
              {
                "description": "",
                "from_port": -1,
                "id": "enppl9iglr920kulaltp",
                "labels": {},
                "port": 22,
                "predefined_target": "",
                "protocol": "TCP",
                "security_group_id": "",
                "to_port": -1,
                "v4_cidr_blocks": [
                  "0.0.0.0/0"
                ],
                "v6_cidr_blocks": []
              }
            ],
            "labels": {},
            "name": "bastion-security-group",
            "network_id": "enpl5q29f8c3md8l4f04",
            "status": "ACTIVE",
            "timeouts": null
          },
          "sensitive_attributes": [],
          "identity_schema_version": 0,
          "private": "eyJlMmJmYjczMC1lY2FhLTExZTYtOGY4OC0zNDM2M2JjN2M0YzAiOnsiY3JlYXRlIjoxODAwMDAwMDAwMDAsImRlbGV0ZSI6MTgwMDAwMDAwMDAwLCJ1cGRhdGUiOjE4MDAwMDAwMDAwMH19",
          "dependencies": [
            "yandex_vpc_network.main_vpc"
          ]
        }
      ]
    },
    {
      "mode": "managed",
      "type": "yandex_vpc_security_group",
      "name": "internal_mgmt_sg",
      "provider": "provider[\"registry.terraform.io/yandex-cloud/yandex\"]",
      "instances": [
        {
          "schema_version": 0,
          "attributes": {
            "created_at": "2026-07-17T09:39:23Z",
            "description": "",
            "egress": [
              {
                "description": "",
                "from_port": 0,
                "id": "enpgdp2cvaolgr864aoe",
                "labels": {},
                "port": -1,
                "predefined_target": "",
                "protocol": "ANY",
                "security_group_id": "",
                "to_port": 65535,
                "v4_cidr_blocks": [
                  "0.0.0.0/0"
                ],
                "v6_cidr_blocks": []
              }
            ],
            "folder_id": "b1g820nsu4vl828ji8gb",
            "id": "enpk8falf0nnqmvj6jnf",
            "ingress": [
              {
                "description": "",
                "from_port": 0,
                "id": "enpbhuggs6fudem1tgjc",
                "labels": {},
                "port": -1,
                "predefined_target": "",
                "protocol": "ANY",
                "security_group_id": "",
                "to_port": 65535,
                "v4_cidr_blocks": [
                  "10.0.0.0/16"
                ],
                "v6_cidr_blocks": []
              }
            ],
            "labels": {},
            "name": "internal-management-security-group",
            "network_id": "enpl5q29f8c3md8l4f04",
            "status": "ACTIVE",
            "timeouts": null
          },
          "sensitive_attributes": [],
          "identity_schema_version": 0,
          "private": "eyJlMmJmYjczMC1lY2FhLTExZTYtOGY4OC0zNDM2M2JjN2M0YzAiOnsiY3JlYXRlIjoxODAwMDAwMDAwMDAsImRlbGV0ZSI6MTgwMDAwMDAwMDAwLCJ1cGRhdGUiOjE4MDAwMDAwMDAwMH19",
          "dependencies": [
            "yandex_vpc_network.main_vpc"
          ]
        }
      ]
    },
    {
      "mode": "managed",
      "type": "yandex_vpc_security_group",
      "name": "internal_shared_rule",
      "provider": "provider[\"registry.terraform.io/yandex-cloud/yandex\"]",
      "instances": [
        {
          "schema_version": 0,
          "attributes": {
            "created_at": "2026-07-17T12:53:19Z",
            "description": "",
            "egress": [
              {
                "description": "",
                "from_port": 0,
                "id": "enpaeu12c488pivdtbge",
                "labels": {},
                "port": -1,
                "predefined_target": "",
                "protocol": "ANY",
                "security_group_id": "",
                "to_port": 65535,
                "v4_cidr_blocks": [
                  "0.0.0.0/0"
                ],
                "v6_cidr_blocks": []
              }
            ],
            "folder_id": "b1g820nsu4vl828ji8gb",
            "id": "enpmd12sleua3mm8luel",
            "ingress": [
              {
                "description": "",
                "from_port": 0,
                "id": "enpadbsebtuq52l9478k",
                "labels": {},
                "port": -1,
                "predefined_target": "",
                "protocol": "ANY",
                "security_group_id": "",
                "to_port": 65535,
                "v4_cidr_blocks": [
                  "10.0.0.0/16"
                ],
                "v6_cidr_blocks": []
              }
            ],
            "labels": {},
            "name": "internal-shared-rule",
            "network_id": "enpl5q29f8c3md8l4f04",
            "status": "ACTIVE",
            "timeouts": null
          },
          "sensitive_attributes": [],
          "identity_schema_version": 0,
          "private": "eyJlMmJmYjczMC1lY2FhLTExZTYtOGY4OC0zNDM2M2JjN2M0YzAiOnsiY3JlYXRlIjoxODAwMDAwMDAwMDAsImRlbGV0ZSI6MTgwMDAwMDAwMDAwLCJ1cGRhdGUiOjE4MDAwMDAwMDAwMH19",
          "dependencies": [
            "yandex_vpc_network.main_vpc"
          ]
        }
      ]
    },
    {
      "mode": "managed",
      "type": "yandex_vpc_security_group",
      "name": "public_ui_sg",
      "provider": "provider[\"registry.terraform.io/yandex-cloud/yandex\"]",
      "instances": [
        {
          "schema_version": 0,
          "attributes": {
            "created_at": "2026-07-17T09:39:21Z",
            "description": "",
            "egress": [
              {
                "description": "",
                "from_port": 0,
                "id": "enpuofui39b921p6vk92",
                "labels": {},
                "port": -1,
                "predefined_target": "",
                "protocol": "ANY",
                "security_group_id": "",
                "to_port": 65535,
                "v4_cidr_blocks": [
                  "0.0.0.0/0"
                ],
                "v6_cidr_blocks": []
              }
            ],
            "folder_id": "b1g820nsu4vl828ji8gb",
            "id": "enpr2rcq1i15q47tefpc",
            "ingress": [
              {
                "description": "",
                "from_port": -1,
                "id": "enpa5n33jd09bofslbdq",
                "labels": {},
                "port": 3000,
                "predefined_target": "",
                "protocol": "TCP",
                "security_group_id": "",
                "to_port": -1,
                "v4_cidr_blocks": [
                  "0.0.0.0/0"
                ],
                "v6_cidr_blocks": []
              },
              {
                "description": "",
                "from_port": -1,
                "id": "enpgqf7j9u1k59o3h3i1",
                "labels": {},
                "port": 5601,
                "predefined_target": "",
                "protocol": "TCP",
                "security_group_id": "",
                "to_port": -1,
                "v4_cidr_blocks": [
                  "0.0.0.0/0"
                ],
                "v6_cidr_blocks": []
              },
              {
                "description": "",
                "from_port": 0,
                "id": "enp8cvdde8s59prpn13f",
                "labels": {},
                "port": -1,
                "predefined_target": "",
                "protocol": "ANY",
                "security_group_id": "",
                "to_port": 65535,
                "v4_cidr_blocks": [
                  "10.0.0.0/16"
                ],
                "v6_cidr_blocks": []
              }
            ],
            "labels": {},
            "name": "public-ui-security-group",
            "network_id": "enpl5q29f8c3md8l4f04",
            "status": "ACTIVE",
            "timeouts": null
          },
          "sensitive_attributes": [],
          "identity_schema_version": 0,
          "private": "eyJlMmJmYjczMC1lY2FhLTExZTYtOGY4OC0zNDM2M2JjN2M0YzAiOnsiY3JlYXRlIjoxODAwMDAwMDAwMDAsImRlbGV0ZSI6MTgwMDAwMDAwMDAwLCJ1cGRhdGUiOjE4MDAwMDAwMDAwMH19",
          "dependencies": [
            "yandex_vpc_network.main_vpc"
          ]
        }
      ]
    },
    {
      "mode": "managed",
      "type": "yandex_vpc_security_group",
      "name": "web_sg",
      "provider": "provider[\"registry.terraform.io/yandex-cloud/yandex\"]",
      "instances": [
        {
          "schema_version": 0,
          "attributes": {
            "created_at": "2026-07-17T09:39:24Z",
            "description": "",
            "egress": [
              {
                "description": "",
                "from_port": 0,
                "id": "enpd6u8bcfv3406g7nn7",
                "labels": {},
                "port": -1,
                "predefined_target": "",
                "protocol": "ANY",
                "security_group_id": "",
                "to_port": 65535,
                "v4_cidr_blocks": [
                  "0.0.0.0/0"
                ],
                "v6_cidr_blocks": []
              }
            ],
            "folder_id": "b1g820nsu4vl828ji8gb",
            "id": "enp0b4lfs0blucf4p799",
            "ingress": [
              {
                "description": "",
                "from_port": -1,
                "id": "enpsundoj7kk1to4kj67",
                "labels": {},
                "port": 80,
                "predefined_target": "",
                "protocol": "TCP",
                "security_group_id": "enp88lh2v8jipcahrnda",
                "to_port": -1,
                "v4_cidr_blocks": [],
                "v6_cidr_blocks": []
              },
              {
                "description": "",
                "from_port": 0,
                "id": "enpn7cid9ht4ntbg7h02",
                "labels": {},
                "port": -1,
                "predefined_target": "",
                "protocol": "ANY",
                "security_group_id": "",
                "to_port": 65535,
                "v4_cidr_blocks": [
                  "10.0.0.0/16"
                ],
                "v6_cidr_blocks": []
              }
            ],
            "labels": {},
            "name": "web-servers-security-group",
            "network_id": "enpl5q29f8c3md8l4f04",
            "status": "ACTIVE",
            "timeouts": null
          },
          "sensitive_attributes": [],
          "identity_schema_version": 0,
          "private": "eyJlMmJmYjczMC1lY2FhLTExZTYtOGY4OC0zNDM2M2JjN2M0YzAiOnsiY3JlYXRlIjoxODAwMDAwMDAwMDAsImRlbGV0ZSI6MTgwMDAwMDAwMDAwLCJ1cGRhdGUiOjE4MDAwMDAwMDAwMH19",
          "dependencies": [
            "yandex_vpc_network.main_vpc",
            "yandex_vpc_security_group.alb_sg"
          ]
        }
      ]
    },
    {
      "mode": "managed",
      "type": "yandex_vpc_subnet",
      "name": "private_a",
      "provider": "provider[\"registry.terraform.io/yandex-cloud/yandex\"]",
      "instances": [
        {
          "schema_version": 0,
          "attributes": {
            "created_at": "2026-07-17T09:39:19Z",
            "description": "",
            "dhcp_options": [],
            "folder_id": "b1g820nsu4vl828ji8gb",
            "id": "e9bti1rb2b2qj35p3646",
            "labels": {},
            "name": "subnet-private-zone-a",
            "network_id": "enpl5q29f8c3md8l4f04",
            "route_table_id": "enpmnvmn7mpor58muren",
            "timeouts": null,
            "v4_cidr_blocks": [
              "10.0.10.0/24"
            ],
            "v6_cidr_blocks": [],
            "zone": "ru-central1-a"
          },
          "sensitive_attributes": [],
          "identity_schema_version": 0,
          "private": "eyJlMmJmYjczMC1lY2FhLTExZTYtOGY4OC0zNDM2M2JjN2M0YzAiOnsiY3JlYXRlIjoxODAwMDAwMDAwMDAsImRlbGV0ZSI6MTgwMDAwMDAwMDAwLCJ1cGRhdGUiOjE4MDAwMDAwMDAwMH19",
          "dependencies": [
            "yandex_vpc_gateway.nat_gateway",
            "yandex_vpc_network.main_vpc",
            "yandex_vpc_route_table.nat_route",
            "yandex_vpc_route_table.nat_route_table"
          ]
        }
      ]
    },
    {
      "mode": "managed",
      "type": "yandex_vpc_subnet",
      "name": "private_b",
      "provider": "provider[\"registry.terraform.io/yandex-cloud/yandex\"]",
      "instances": [
        {
          "schema_version": 0,
          "attributes": {
            "created_at": "2026-07-17T09:39:18Z",
            "description": "",
            "dhcp_options": [],
            "folder_id": "b1g820nsu4vl828ji8gb",
            "id": "e2l506bph04n0i1ef63j",
            "labels": {},
            "name": "subnet-private-zone-b",
            "network_id": "enpl5q29f8c3md8l4f04",
            "route_table_id": "enpmnvmn7mpor58muren",
            "timeouts": null,
            "v4_cidr_blocks": [
              "10.0.20.0/24"
            ],
            "v6_cidr_blocks": [],
            "zone": "ru-central1-b"
          },
          "sensitive_attributes": [],
          "identity_schema_version": 0,
          "private": "eyJlMmJmYjczMC1lY2FhLTExZTYtOGY4OC0zNDM2M2JjN2M0YzAiOnsiY3JlYXRlIjoxODAwMDAwMDAwMDAsImRlbGV0ZSI6MTgwMDAwMDAwMDAwLCJ1cGRhdGUiOjE4MDAwMDAwMDAwMH19",
          "dependencies": [
            "yandex_vpc_gateway.nat_gateway",
            "yandex_vpc_network.main_vpc",
            "yandex_vpc_route_table.nat_route",
            "yandex_vpc_route_table.nat_route_table"
          ]
        }
      ]
    },
    {
      "mode": "managed",
      "type": "yandex_vpc_subnet",
      "name": "public_a",
      "provider": "provider[\"registry.terraform.io/yandex-cloud/yandex\"]",
      "instances": [
        {
          "schema_version": 0,
          "attributes": {
            "created_at": "2026-07-17T09:39:16Z",
            "description": "",
            "dhcp_options": [],
            "folder_id": "b1g820nsu4vl828ji8gb",
            "id": "e9brnmhdah5emmt97lil",
            "labels": {},
            "name": "public-subnet-zone-a",
            "network_id": "enpl5q29f8c3md8l4f04",
            "route_table_id": "",
            "timeouts": null,
            "v4_cidr_blocks": [
              "10.0.1.0/24"
            ],
            "v6_cidr_blocks": [],
            "zone": "ru-central1-a"
          },
          "sensitive_attributes": [],
          "identity_schema_version": 0,
          "private": "eyJlMmJmYjczMC1lY2FhLTExZTYtOGY4OC0zNDM2M2JjN2M0YzAiOnsiY3JlYXRlIjoxODAwMDAwMDAwMDAsImRlbGV0ZSI6MTgwMDAwMDAwMDAwLCJ1cGRhdGUiOjE4MDAwMDAwMDAwMH19",
          "dependencies": [
            "yandex_vpc_network.main_vpc"
          ]
        }
      ]
    },
    {
      "mode": "managed",
      "type": "yandex_vpc_subnet",
      "name": "public_b",
      "provider": "provider[\"registry.terraform.io/yandex-cloud/yandex\"]",
      "instances": [
        {
          "schema_version": 0,
          "attributes": {
            "created_at": "2026-07-17T09:39:17Z",
            "description": "",
            "dhcp_options": [],
            "folder_id": "b1g820nsu4vl828ji8gb",
            "id": "e2lbbv138ru3d2rk1u5l",
            "labels": {},
            "name": "public-subnet-zone-b",
            "network_id": "enpl5q29f8c3md8l4f04",
            "route_table_id": "",
            "timeouts": null,
            "v4_cidr_blocks": [
              "10.0.2.0/24"
            ],
            "v6_cidr_blocks": [],
            "zone": "ru-central1-b"
          },
          "sensitive_attributes": [],
          "identity_schema_version": 0,
          "private": "eyJlMmJmYjczMC1lY2FhLTExZTYtOGY4OC0zNDM2M2JjN2M0YzAiOnsiY3JlYXRlIjoxODAwMDAwMDAwMDAsImRlbGV0ZSI6MTgwMDAwMDAwMDAwLCJ1cGRhdGUiOjE4MDAwMDAwMDAwMH19",
          "dependencies": [
            "yandex_vpc_network.main_vpc"
          ]
        }
      ]
    }
  ],
  "check_results": null
}
