{
  "version": 4,
  "terraform_version": "1.14.4",
  "serial": 521,
  "lineage": "1e33a1ad-eda7-0b8d-8ba2-8ce793f47b0b",
  "outputs": {
    "IP_BALANCER_SITE_PUBLIC": {
      "value": "158.160.180.39",
      "type": "string"
    },
    "IP_GRAFANA_PUBLIC": {
      "value": "111.88.255.36",
      "type": "string"
    },
    "IP_KIBANA_PUBLIC": {
      "value": "111.88.250.175",
      "type": "string"
    }
  },
  "resources": [
    {
      "mode": "data",
      "type": "yandex_compute_image",
      "name": "debian",
      "provider": "provider[\"registry.terraform.io/yandex-cloud/yandex\"]",
      "instances": [
        {
          "schema_version": 0,
          "attributes": {
            "created_at": "2026-06-16T11:40:47Z",
            "description": "debian 13  v20260615085422",
            "family": "debian-13",
            "folder_id": "standard-images",
            "hardware_generation": [
              {
                "generation2_features": [],
                "legacy_features": [
                  {
                    "pci_topology": "PCI_TOPOLOGY_V2"
                  }
                ]
              }
            ],
            "id": "fd8tps4kduh4m28n889n",
            "image_id": "fd8tps4kduh4m28n889n",
            "kms_key_id": null,
            "labels": {
              "version": "20260615085422",
              "x-hopper-operation-id": "d9p386tjlbrut86bpjpc",
              "x-hopper-source-image-id": "fd8loj2f35a723et2hj2"
            },
            "min_disk_size": 5,
            "name": "debian-13-v20260616",
            "os_type": "linux",
            "pooled": true,
            "product_ids": [
              "f2efr6hjgnc9844d6l0h"
            ],
            "size": 1,
            "status": "ready"
          },
          "sensitive_attributes": [],
          "identity_schema_version": 0
        }
      ]
    },
    {
      "mode": "managed",
      "type": "local_file",
      "name": "ansible_inventory",
      "provider": "provider[\"registry.terraform.io/hashicorp/local\"]",
      "instances": [
        {
          "schema_version": 0,
          "attributes": {
            "content": "[bastion]\nbastion_host ansible_host=93.77.184.57 ansible_user=debian\n\n[kibana_host]\nkibana_server ansible_host=10.100.10.19 ansible_user=debian ansible_ssh_common_args='-o ProxyJump=\"debian@93.77.184.57\"'\n\n[grafana_host]\ngrafana_server ansible_host=10.100.10.27 ansible_user=debian ansible_ssh_common_args='-o ProxyJump=\"debian@93.77.184.57\"'\n\n[logging_storage]\nelasticsearch_server ansible_host=10.100.20.28 ansible_user=debian ansible_ssh_common_args='-o ProxyJump=\"debian@93.77.184.57\"'\n\n[all:vars]\nansible_ssh_common_args='-o StrictHostKeyChecking=no -o UserKnownHostsFile=/dev/null'\n",
            "content_base64": null,
            "content_base64sha256": "IDcTLmPa7mb6vow40BoK6zWweD36CGjGLf1tIjpWACw=",
            "content_base64sha512": "W7uhssh5dY4Cp4T/9dbgv3qKg9ebCD8pGqLxhrseJloBhWQJJVGKLgEiBAbvy+tAAmvPTC0MTyDz16erdblylw==",
            "content_md5": "c077edcd63774007976fb3411d0a94e7",
            "content_sha1": "03ec5074e90855f1da6a2321e6c88be824b1db07",
            "content_sha256": "2037132e63daee66fabe8c38d01a0aeb35b0783dfa0868c62dfd6d223a56002c",
            "content_sha512": "5bbba1b2c879758e02a784fff5d6e0bf7a8a83d79b083f291aa2f186bb1e265a0185640925518a2e01220406efcbeb40026bcf4c2d0c4f20f3d7a7ab75b97297",
            "directory_permission": "0777",
            "file_permission": "0777",
            "filename": "../ansible/hosts.ini",
            "id": "03ec5074e90855f1da6a2321e6c88be824b1db07",
            "sensitive_content": null,
            "source": null
          },
          "sensitive_attributes": [
            [
              {
                "type": "get_attr",
                "value": "sensitive_content"
              }
            ]
          ],
          "identity_schema_version": 0,
          "dependencies": [
            "data.yandex_compute_image.debian",
            "yandex_compute_instance.bastion",
            "yandex_compute_instance.elasticsearch_storage",
            "yandex_compute_instance.kibana_server",
            "yandex_compute_instance.prometheus",
            "yandex_vpc_gateway.nat_gateway",
            "yandex_vpc_network.main_vpc",
            "yandex_vpc_route_table.nat_route_table",
            "yandex_vpc_security_group.bastion_sg",
            "yandex_vpc_security_group.grafana_sg",
            "yandex_vpc_security_group.internal_mgmt_sg",
            "yandex_vpc_security_group.kibana_sg",
            "yandex_vpc_subnet.private_a",
            "yandex_vpc_subnet.public_a"
          ]
        }
      ]
    },
    {
      "mode": "managed",
      "type": "null_resource",
      "name": "ansible_auto_run",
      "provider": "provider[\"registry.terraform.io/hashicorp/null\"]",
      "instances": [
        {
          "schema_version": 0,
          "attributes": {
            "id": "5878291865353049803",
            "triggers": null
          },
          "sensitive_attributes": [],
          "identity_schema_version": 0,
          "dependencies": [
            "data.yandex_compute_image.debian",
            "local_file.ansible_inventory",
            "yandex_compute_instance.bastion",
            "yandex_compute_instance.elasticsearch_storage",
            "yandex_compute_instance.kibana_server",
            "yandex_compute_instance.prometheus",
            "yandex_compute_instance_group.web_group",
            "yandex_iam_service_account.ig_sa",
            "yandex_resourcemanager_folder_iam_member.ig_editor",
            "yandex_vpc_gateway.nat_gateway",
            "yandex_vpc_network.main_vpc",
            "yandex_vpc_route_table.nat_route_table",
            "yandex_vpc_security_group.bastion_sg",
            "yandex_vpc_security_group.grafana_sg",
            "yandex_vpc_security_group.internal_mgmt_sg",
            "yandex_vpc_security_group.kibana_sg",
            "yandex_vpc_security_group.web_sg",
            "yandex_vpc_subnet.private_a",
            "yandex_vpc_subnet.private_b",
            "yandex_vpc_subnet.public_a"
          ]
        }
      ]
    },
    {
      "mode": "managed",
      "type": "tls_private_key",
      "name": "auto_key",
      "provider": "provider[\"registry.terraform.io/hashicorp/tls\"]",
      "instances": [
        {
          "schema_version": 1,
          "attributes": {
            "algorithm": "RSA",
            "ecdsa_curve": "P224",
            "id": "9b1a7642e73fbafacd7c1bf16292284bce56a13a",
            "private_key_openssh": "-----BEGIN OPENSSH PRIVATE KEY-----\nb3BlbnNzaC1rZXktdjEAAAAABG5vbmUAAAAEbm9uZQAAAAAAAAABAAACFwAAAAdz\nc2gtcnNhAAAAAwEAAQAAAgEA7OJ3IVc98RDLiu/tkiU71+5UlOK3Dzc/Z/d0xJby\nky75d4Zi0d+d8TnAUVh/cEXR6aM5AmVUoEtj55dWIXO43s1kPzh2DZvMqI/boCrX\nGhkCjWMXcxAl9kLSDlXTqxfnr7/0TyobCfJvA73+Q3G0sXkPqDTAotQMD198hlWi\nJIRrQdAFjWOISjgFynaFKSu7mER9G1flvocpxjm5U+zXt55eoYVE/o/98b0Xz5k3\nJouvnxu+sl2hYJAS/Ddo6BsF43H38FXQXNkZJe0uH7+yrYiPrE3JKBIzJc6dyEvN\nV/JUEQlvFYsBHeMRWfJvV1P9+FtCwKssUyj+sgbdadaVBhIpMwnEhXJ86skLbFTc\nO7Scaa45P1a9D30nkPXhov27sM9a+Y6L9WQ3QPPI4KpZFldv+4MMVKxauhweMQGV\nqCnflksECjV18ZAi6wdX7JffPYw++i1wCjFD9RRatBwpOFKL6G53F6a17uFWhDMJ\nkE2QUa4LPbu9b6tpGE73wkFA1NJ3V6i2tfTZlyE76443KW1Dly1u2IHdjXiRpkeT\nQG5EXQEdu+bxKxWsIgQRIH3M80Z5r/vrlRc4pTAesVSvrDSRM4ElQu59EjZ068tN\nOviR6fWs5OOaNGThC5Remm5ev581r79LmNJFjS89e4Q2m7FgZ9WUWt+q4es54aHI\nrVkAAAc4vFt0B7xbdAcAAAAHc3NoLXJzYQAAAgEA7OJ3IVc98RDLiu/tkiU71+5U\nlOK3Dzc/Z/d0xJbyky75d4Zi0d+d8TnAUVh/cEXR6aM5AmVUoEtj55dWIXO43s1k\nPzh2DZvMqI/boCrXGhkCjWMXcxAl9kLSDlXTqxfnr7/0TyobCfJvA73+Q3G0sXkP\nqDTAotQMD198hlWiJIRrQdAFjWOISjgFynaFKSu7mER9G1flvocpxjm5U+zXt55e\noYVE/o/98b0Xz5k3Jouvnxu+sl2hYJAS/Ddo6BsF43H38FXQXNkZJe0uH7+yrYiP\nrE3JKBIzJc6dyEvNV/JUEQlvFYsBHeMRWfJvV1P9+FtCwKssUyj+sgbdadaVBhIp\nMwnEhXJ86skLbFTcO7Scaa45P1a9D30nkPXhov27sM9a+Y6L9WQ3QPPI4KpZFldv\n+4MMVKxauhweMQGVqCnflksECjV18ZAi6wdX7JffPYw++i1wCjFD9RRatBwpOFKL\n6G53F6a17uFWhDMJkE2QUa4LPbu9b6tpGE73wkFA1NJ3V6i2tfTZlyE76443KW1D\nly1u2IHdjXiRpkeTQG5EXQEdu+bxKxWsIgQRIH3M80Z5r/vrlRc4pTAesVSvrDSR\nM4ElQu59EjZ068tNOviR6fWs5OOaNGThC5Remm5ev581r79LmNJFjS89e4Q2m7Fg\nZ9WUWt+q4es54aHIrVkAAAADAQABAAACABzkv56pt0Sy5XzYKIxhrcO4DomNgMIi\nnUGHaa778XEZ8vRNCDsssSVmA6r4Zizx2zmJ/u9noDOgFnq+VxNj+9nzSAW9E4sz\n5Hnv+Bw4dX25rLnFqyvN/a9ktZ3pgpS1KP2jJn/MdTlYoIlekIe19BIMn+gGrTN/\nNUxfu37gLZOSMkn3/2FgUVSqMiygmbvsmWhofDEMXtnHP0VuL4iI1EQRlV3StVhu\nhE1K4P9hoxw4wA5icjdr2739PM+WS526BBUaxuEB+pUEpwBdBnn5ZigsBsg/wag5\nVhNHuS+f7VdLl8zvL2U7jAKS+oAT5dhLRqhXK1R4XIL1NmHNHA8njQwRK2U7hUor\njpby0PblNN36cyhBxIwNpRfkjwxXH14NqWoJMF3/naBppg/wiiW1u4YVs3JEGQmQ\nAJBYZRWkuH4Xr/nID5/h5DwVMrXlETGhyBZzZFjWS7lBsKigEGyxNPdFPGEXDRvb\nYEiIDuRMdd67AWc7KHLKFedP2b163bGY4oefk+aYBHB0w3MA8hyNdBLXwKUryhEd\nZo0fWG6i4QSE1GrdRbyj+zriQufjQE93bkURfPViBVnPzGS5pklPT50QWANwES7z\nP7ZRPxGNr7Uz+hPDl+zqQzhhOdEA1JBFAWZ/oPny9xdBRqDrWCI7hLUSVei1FQn0\n9h9o9QDG8l2dAAABAQDZphhIT1zt6Y9AwsA38yz1RYMkNsd2kK15Am16iI1bHUaR\nwPot4G5H3/rgkZAwaHCrqjZDUHdlGljieJsIv80JYZ/gtuIMQELX5kfHdweoKYTZ\noIJmTwMZI+FUkbj7bwnlkuKRW8W23MzWxkn9F5FgxCegMZJ70B94FFNF0ymUWGH+\nsDQHEDttt9dCKbFv3/kxaoadY5ISCeQSAwnixQEkbxRkUYvjmGXsGzzxP+rcTY+f\nZJ3aq0v/a8vVAdjF9aVgEF53E6cmA1dPuZle+Hd83dGz9bsd1oF8wHU0ZO2Xbr6X\njgyqDecNTLcPDUqh75+sgfGtIYO67ffbhkbi9/3uAAABAQDu5D8jZ6HWwEeoV6mB\nbby/MkAWGoYnc021OuKfABRSGBcsf8YePuGLuTK3Hwyw6FgqgoovfZRmAAbobjfm\ntUEnFtm4xXRLICVVDezfNEbUvAdPzBbW1vXq/M9wx9OQOZieWGEftYw34k7NyKxc\n0VV7P3SBNeYY4u4NUoYVFTeBkTOBqqlefeQewUCAec/cjVnvV8K9ny6GsvjtYlH4\nVeO3DGVxyXJsFmIaOUWXdq6JKmN41cyZri6K7CIYlvvExA1bOWScJkI3J5vOxt0r\nfOFzElRRwjkT5XQhDeQRzzmxVtlinnJliBF45y34NnhlmQc781JYgjIGVpfxVMQJ\n7lu1AAABAQD92WyCPnF1x2W/LkgwSatTwY1Yt30LKMED9x/YulZIDuz4T2PD1Zdd\nFbUPXoVtya6k6IMK9pQ9OR5f/P30e3MSDtD8bSr1lIcRILocWehTuTWpC0mrbifu\nwZnBKct6W3PrU9r5qMCSJ12dEF+o3ee0YE73UFYKtFoO+YWc5IlmtV7P7hn3+wtU\nq0K4Qsry5voRE5luyWoHN+r9k5WRCcXsOuYsFqZQPdGa8KR8zTa9201VySMvrk1Y\n+u+C4KsDzCC+bGpPMfhV9OGFoozwVRjRKBGGDBrgSF2lR1d+qrlbgFA036E03qOL\nG3MMHLb1j7fcaUN6DX2cdISs6umiWjmVAAAAAAEC\n-----END OPENSSH PRIVATE KEY-----\n",
            "private_key_pem": "-----BEGIN RSA PRIVATE KEY-----\nMIIJKgIBAAKCAgEA7OJ3IVc98RDLiu/tkiU71+5UlOK3Dzc/Z/d0xJbyky75d4Zi\n0d+d8TnAUVh/cEXR6aM5AmVUoEtj55dWIXO43s1kPzh2DZvMqI/boCrXGhkCjWMX\ncxAl9kLSDlXTqxfnr7/0TyobCfJvA73+Q3G0sXkPqDTAotQMD198hlWiJIRrQdAF\njWOISjgFynaFKSu7mER9G1flvocpxjm5U+zXt55eoYVE/o/98b0Xz5k3Jouvnxu+\nsl2hYJAS/Ddo6BsF43H38FXQXNkZJe0uH7+yrYiPrE3JKBIzJc6dyEvNV/JUEQlv\nFYsBHeMRWfJvV1P9+FtCwKssUyj+sgbdadaVBhIpMwnEhXJ86skLbFTcO7Scaa45\nP1a9D30nkPXhov27sM9a+Y6L9WQ3QPPI4KpZFldv+4MMVKxauhweMQGVqCnflksE\nCjV18ZAi6wdX7JffPYw++i1wCjFD9RRatBwpOFKL6G53F6a17uFWhDMJkE2QUa4L\nPbu9b6tpGE73wkFA1NJ3V6i2tfTZlyE76443KW1Dly1u2IHdjXiRpkeTQG5EXQEd\nu+bxKxWsIgQRIH3M80Z5r/vrlRc4pTAesVSvrDSRM4ElQu59EjZ068tNOviR6fWs\n5OOaNGThC5Remm5ev581r79LmNJFjS89e4Q2m7FgZ9WUWt+q4es54aHIrVkCAwEA\nAQKCAgAc5L+eqbdEsuV82CiMYa3DuA6JjYDCIp1Bh2mu+/FxGfL0TQg7LLElZgOq\n+GYs8ds5if7vZ6AzoBZ6vlcTY/vZ80gFvROLM+R57/gcOHV9uay5xasrzf2vZLWd\n6YKUtSj9oyZ/zHU5WKCJXpCHtfQSDJ/oBq0zfzVMX7t+4C2TkjJJ9/9hYFFUqjIs\noJm77JloaHwxDF7Zxz9Fbi+IiNREEZVd0rVYboRNSuD/YaMcOMAOYnI3a9u9/TzP\nlkudugQVGsbhAfqVBKcAXQZ5+WYoLAbIP8GoOVYTR7kvn+1XS5fM7y9lO4wCkvqA\nE+XYS0aoVytUeFyC9TZhzRwPJ40MEStlO4VKK46W8tD25TTd+nMoQcSMDaUX5I8M\nVx9eDalqCTBd/52gaaYP8IoltbuGFbNyRBkJkACQWGUVpLh+F6/5yA+f4eQ8FTK1\n5RExocgWc2RY1ku5QbCooBBssTT3RTxhFw0b22BIiA7kTHXeuwFnOyhyyhXnT9m9\net2xmOKHn5PmmARwdMNzAPIcjXQS18ClK8oRHWaNH1huouEEhNRq3UW8o/s64kLn\n40BPd25FEXz1YgVZz8xkuaZJT0+dEFgDcBEu8z+2UT8Rja+1M/oTw5fs6kM4YTnR\nANSQRQFmf6D58vcXQUag61giO4S1ElXotRUJ9PYfaPUAxvJdnQKCAQEA7uQ/I2eh\n1sBHqFepgW28vzJAFhqGJ3NNtTrinwAUUhgXLH/GHj7hi7kytx8MsOhYKoKKL32U\nZgAG6G435rVBJxbZuMV0SyAlVQ3s3zRG1LwHT8wW1tb16vzPcMfTkDmYnlhhH7WM\nN+JOzcisXNFVez90gTXmGOLuDVKGFRU3gZEzgaqpXn3kHsFAgHnP3I1Z71fCvZ8u\nhrL47WJR+FXjtwxlcclybBZiGjlFl3auiSpjeNXMma4uiuwiGJb7xMQNWzlknCZC\nNyebzsbdK3zhcxJUUcI5E+V0IQ3kEc85sVbZYp5yZYgReOct+DZ4ZZkHO/NSWIIy\nBlaX8VTECe5btQKCAQEA/dlsgj5xdcdlvy5IMEmrU8GNWLd9CyjBA/cf2LpWSA7s\n+E9jw9WXXRW1D16FbcmupOiDCvaUPTkeX/z99HtzEg7Q/G0q9ZSHESC6HFnoU7k1\nqQtJq24n7sGZwSnLeltz61Pa+ajAkiddnRBfqN3ntGBO91BWCrRaDvmFnOSJZrVe\nz+4Z9/sLVKtCuELK8ub6EROZbslqBzfq/ZOVkQnF7DrmLBamUD3RmvCkfM02vdtN\nVckjL65NWPrvguCrA8wgvmxqTzH4VfThhaKM8FUY0SgRhgwa4EhdpUdXfqq5W4BQ\nNN+hNN6jixtzDBy29Y+33GlDeg19nHSErOrpolo5lQKCAQEAu0MGT02UKpAtW8Pj\n5sZL16CfZfRCxzf2aSMQtEzOoQ+rUsGSXvExwmJZY/yd6SsouaH8in+pTU+mGpsT\njPD2cprR7qoxoBZBzWuOC+WhxG7kWGQGX0DAIwUr4x9xMzRC85UaBU497SykU2GD\n43pgxK0YOZUzmryAmMbgvjQUf6d/tZw/CggrQwR/+HYEP8I6BolH6XaXdRVkVkjl\nMoK5byrzdn/QBvSA0EemyrVI2dL1iKonqSxF5bZ2f8oS78ozIhhaSqEe9LdCxpNS\nmh1ZaOesWy6hqXwLTUHjTyae9em7nDfSOs6vy5OEkHa6aAHODuuM2D6u0hMdJhsp\nVROYpQKCAQEAsmdbDlIqVVc0198EFwO/aBbQavhR5kTXGh1VAXE78FqlCoJpIBn9\nzgrSfCG27ojet8E9T7gqSLja8yUPqgIUxi0pjS6AEaY4Ir54bjJ1yFmTL+Hh/Zxm\nbjMcBxiDi9O4LTx62hlSdaU68oauZDTIgglplgCc59sGrB2LXM91DX0MTGAPWivS\nM8hFFNDEZ2ATgWrf22+sl7Qh7+MIK63Nrw9Z8sRcUGqR5C2ZvKhQ/6+fs1mv4/PB\nIncBW17gccPFg28Ya943pNl8ofmyyblUvrJFVostXFEfl2gDQt9jc75DIFXGqyyJ\njdtVyL5piz1dP4evR5kxnYJ6ODjEyDhW3QKCAQEA2aYYSE9c7emPQMLAN/Ms9UWD\nJDbHdpCteQJteoiNWx1GkcD6LeBuR9/64JGQMGhwq6o2Q1B3ZRpY4nibCL/NCWGf\n4LbiDEBC1+ZHx3cHqCmE2aCCZk8DGSPhVJG4+28J5ZLikVvFttzM1sZJ/ReRYMQn\noDGSe9AfeBRTRdMplFhh/rA0BxA7bbfXQimxb9/5MWqGnWOSEgnkEgMJ4sUBJG8U\nZFGL45hl7Bs88T/q3E2Pn2Sd2qtL/2vL1QHYxfWlYBBedxOnJgNXT7mZXvh3fN3R\ns/W7HdaBfMB1NGTtl26+l44Mqg3nDUy3Dw1Koe+frIHxrSGDuu3324ZG4vf97g==\n-----END RSA PRIVATE KEY-----\n",
            "private_key_pem_pkcs8": "-----BEGIN PRIVATE KEY-----\nMIIJRAIBADANBgkqhkiG9w0BAQEFAASCCS4wggkqAgEAAoICAQDs4nchVz3xEMuK\n7+2SJTvX7lSU4rcPNz9n93TElvKTLvl3hmLR353xOcBRWH9wRdHpozkCZVSgS2Pn\nl1Yhc7jezWQ/OHYNm8yoj9ugKtcaGQKNYxdzECX2QtIOVdOrF+evv/RPKhsJ8m8D\nvf5DcbSxeQ+oNMCi1AwPX3yGVaIkhGtB0AWNY4hKOAXKdoUpK7uYRH0bV+W+hynG\nOblT7Ne3nl6hhUT+j/3xvRfPmTcmi6+fG76yXaFgkBL8N2joGwXjcffwVdBc2Rkl\n7S4fv7KtiI+sTckoEjMlzp3IS81X8lQRCW8ViwEd4xFZ8m9XU/34W0LAqyxTKP6y\nBt1p1pUGEikzCcSFcnzqyQtsVNw7tJxprjk/Vr0PfSeQ9eGi/buwz1r5jov1ZDdA\n88jgqlkWV2/7gwxUrFq6HB4xAZWoKd+WSwQKNXXxkCLrB1fsl989jD76LXAKMUP1\nFFq0HCk4UovobncXprXu4VaEMwmQTZBRrgs9u71vq2kYTvfCQUDU0ndXqLa19NmX\nITvrjjcpbUOXLW7Ygd2NeJGmR5NAbkRdAR275vErFawiBBEgfczzRnmv++uVFzil\nMB6xVK+sNJEzgSVC7n0SNnTry006+JHp9azk45o0ZOELlF6abl6/nzWvv0uY0kWN\nLz17hDabsWBn1ZRa36rh6znhocitWQIDAQABAoICABzkv56pt0Sy5XzYKIxhrcO4\nDomNgMIinUGHaa778XEZ8vRNCDsssSVmA6r4Zizx2zmJ/u9noDOgFnq+VxNj+9nz\nSAW9E4sz5Hnv+Bw4dX25rLnFqyvN/a9ktZ3pgpS1KP2jJn/MdTlYoIlekIe19BIM\nn+gGrTN/NUxfu37gLZOSMkn3/2FgUVSqMiygmbvsmWhofDEMXtnHP0VuL4iI1EQR\nlV3StVhuhE1K4P9hoxw4wA5icjdr2739PM+WS526BBUaxuEB+pUEpwBdBnn5Zigs\nBsg/wag5VhNHuS+f7VdLl8zvL2U7jAKS+oAT5dhLRqhXK1R4XIL1NmHNHA8njQwR\nK2U7hUorjpby0PblNN36cyhBxIwNpRfkjwxXH14NqWoJMF3/naBppg/wiiW1u4YV\ns3JEGQmQAJBYZRWkuH4Xr/nID5/h5DwVMrXlETGhyBZzZFjWS7lBsKigEGyxNPdF\nPGEXDRvbYEiIDuRMdd67AWc7KHLKFedP2b163bGY4oefk+aYBHB0w3MA8hyNdBLX\nwKUryhEdZo0fWG6i4QSE1GrdRbyj+zriQufjQE93bkURfPViBVnPzGS5pklPT50Q\nWANwES7zP7ZRPxGNr7Uz+hPDl+zqQzhhOdEA1JBFAWZ/oPny9xdBRqDrWCI7hLUS\nVei1FQn09h9o9QDG8l2dAoIBAQDu5D8jZ6HWwEeoV6mBbby/MkAWGoYnc021OuKf\nABRSGBcsf8YePuGLuTK3Hwyw6FgqgoovfZRmAAbobjfmtUEnFtm4xXRLICVVDezf\nNEbUvAdPzBbW1vXq/M9wx9OQOZieWGEftYw34k7NyKxc0VV7P3SBNeYY4u4NUoYV\nFTeBkTOBqqlefeQewUCAec/cjVnvV8K9ny6GsvjtYlH4VeO3DGVxyXJsFmIaOUWX\ndq6JKmN41cyZri6K7CIYlvvExA1bOWScJkI3J5vOxt0rfOFzElRRwjkT5XQhDeQR\nzzmxVtlinnJliBF45y34NnhlmQc781JYgjIGVpfxVMQJ7lu1AoIBAQD92WyCPnF1\nx2W/LkgwSatTwY1Yt30LKMED9x/YulZIDuz4T2PD1ZddFbUPXoVtya6k6IMK9pQ9\nOR5f/P30e3MSDtD8bSr1lIcRILocWehTuTWpC0mrbifuwZnBKct6W3PrU9r5qMCS\nJ12dEF+o3ee0YE73UFYKtFoO+YWc5IlmtV7P7hn3+wtUq0K4Qsry5voRE5luyWoH\nN+r9k5WRCcXsOuYsFqZQPdGa8KR8zTa9201VySMvrk1Y+u+C4KsDzCC+bGpPMfhV\n9OGFoozwVRjRKBGGDBrgSF2lR1d+qrlbgFA036E03qOLG3MMHLb1j7fcaUN6DX2c\ndISs6umiWjmVAoIBAQC7QwZPTZQqkC1bw+PmxkvXoJ9l9ELHN/ZpIxC0TM6hD6tS\nwZJe8THCYllj/J3pKyi5ofyKf6lNT6YamxOM8PZymtHuqjGgFkHNa44L5aHEbuRY\nZAZfQMAjBSvjH3EzNELzlRoFTj3tLKRTYYPjemDErRg5lTOavICYxuC+NBR/p3+1\nnD8KCCtDBH/4dgQ/wjoGiUfpdpd1FWRWSOUygrlvKvN2f9AG9IDQR6bKtUjZ0vWI\nqiepLEXltnZ/yhLvyjMiGFpKoR70t0LGk1KaHVlo56xbLqGpfAtNQeNPJp716buc\nN9I6zq/Lk4SQdrpoAc4O64zYPq7SEx0mGylVE5ilAoIBAQCyZ1sOUipVVzTX3wQX\nA79oFtBq+FHmRNcaHVUBcTvwWqUKgmkgGf3OCtJ8IbbuiN63wT1PuCpIuNrzJQ+q\nAhTGLSmNLoARpjgivnhuMnXIWZMv4eH9nGZuMxwHGIOL07gtPHraGVJ1pTryhq5k\nNMiCCWmWAJzn2wasHYtcz3UNfQxMYA9aK9IzyEUU0MRnYBOBat/bb6yXtCHv4wgr\nrc2vD1nyxFxQapHkLZm8qFD/r5+zWa/j88EidwFbXuBxw8WDbxhr3jek2Xyh+bLJ\nuVS+skVWiy1cUR+XaANC32NzvkMgVcarLImN21XIvmmLPV0/h69HmTGdgno4OMTI\nOFbdAoIBAQDZphhIT1zt6Y9AwsA38yz1RYMkNsd2kK15Am16iI1bHUaRwPot4G5H\n3/rgkZAwaHCrqjZDUHdlGljieJsIv80JYZ/gtuIMQELX5kfHdweoKYTZoIJmTwMZ\nI+FUkbj7bwnlkuKRW8W23MzWxkn9F5FgxCegMZJ70B94FFNF0ymUWGH+sDQHEDtt\nt9dCKbFv3/kxaoadY5ISCeQSAwnixQEkbxRkUYvjmGXsGzzxP+rcTY+fZJ3aq0v/\na8vVAdjF9aVgEF53E6cmA1dPuZle+Hd83dGz9bsd1oF8wHU0ZO2Xbr6XjgyqDecN\nTLcPDUqh75+sgfGtIYO67ffbhkbi9/3u\n-----END PRIVATE KEY-----\n",
            "public_key_fingerprint_md5": "4a:20:45:d0:07:f4:b7:92:c0:c8:97:70:23:2e:e1:0d",
            "public_key_fingerprint_sha256": "SHA256:7BEinVHFd/rvoTy7kMX+9A+Xin3GIPrSkPur98rUNz4",
            "public_key_openssh": "ssh-rsa AAAAB3NzaC1yc2EAAAADAQABAAACAQDs4nchVz3xEMuK7+2SJTvX7lSU4rcPNz9n93TElvKTLvl3hmLR353xOcBRWH9wRdHpozkCZVSgS2Pnl1Yhc7jezWQ/OHYNm8yoj9ugKtcaGQKNYxdzECX2QtIOVdOrF+evv/RPKhsJ8m8Dvf5DcbSxeQ+oNMCi1AwPX3yGVaIkhGtB0AWNY4hKOAXKdoUpK7uYRH0bV+W+hynGOblT7Ne3nl6hhUT+j/3xvRfPmTcmi6+fG76yXaFgkBL8N2joGwXjcffwVdBc2Rkl7S4fv7KtiI+sTckoEjMlzp3IS81X8lQRCW8ViwEd4xFZ8m9XU/34W0LAqyxTKP6yBt1p1pUGEikzCcSFcnzqyQtsVNw7tJxprjk/Vr0PfSeQ9eGi/buwz1r5jov1ZDdA88jgqlkWV2/7gwxUrFq6HB4xAZWoKd+WSwQKNXXxkCLrB1fsl989jD76LXAKMUP1FFq0HCk4UovobncXprXu4VaEMwmQTZBRrgs9u71vq2kYTvfCQUDU0ndXqLa19NmXITvrjjcpbUOXLW7Ygd2NeJGmR5NAbkRdAR275vErFawiBBEgfczzRnmv++uVFzilMB6xVK+sNJEzgSVC7n0SNnTry006+JHp9azk45o0ZOELlF6abl6/nzWvv0uY0kWNLz17hDabsWBn1ZRa36rh6znhocitWQ==\n",
            "public_key_pem": "-----BEGIN PUBLIC KEY-----\nMIICIjANBgkqhkiG9w0BAQEFAAOCAg8AMIICCgKCAgEA7OJ3IVc98RDLiu/tkiU7\n1+5UlOK3Dzc/Z/d0xJbyky75d4Zi0d+d8TnAUVh/cEXR6aM5AmVUoEtj55dWIXO4\n3s1kPzh2DZvMqI/boCrXGhkCjWMXcxAl9kLSDlXTqxfnr7/0TyobCfJvA73+Q3G0\nsXkPqDTAotQMD198hlWiJIRrQdAFjWOISjgFynaFKSu7mER9G1flvocpxjm5U+zX\nt55eoYVE/o/98b0Xz5k3Jouvnxu+sl2hYJAS/Ddo6BsF43H38FXQXNkZJe0uH7+y\nrYiPrE3JKBIzJc6dyEvNV/JUEQlvFYsBHeMRWfJvV1P9+FtCwKssUyj+sgbdadaV\nBhIpMwnEhXJ86skLbFTcO7Scaa45P1a9D30nkPXhov27sM9a+Y6L9WQ3QPPI4KpZ\nFldv+4MMVKxauhweMQGVqCnflksECjV18ZAi6wdX7JffPYw++i1wCjFD9RRatBwp\nOFKL6G53F6a17uFWhDMJkE2QUa4LPbu9b6tpGE73wkFA1NJ3V6i2tfTZlyE76443\nKW1Dly1u2IHdjXiRpkeTQG5EXQEdu+bxKxWsIgQRIH3M80Z5r/vrlRc4pTAesVSv\nrDSRM4ElQu59EjZ068tNOviR6fWs5OOaNGThC5Remm5ev581r79LmNJFjS89e4Q2\nm7FgZ9WUWt+q4es54aHIrVkCAwEAAQ==\n-----END PUBLIC KEY-----\n",
            "rsa_bits": 4096
          },
          "sensitive_attributes": [
            [
              {
                "type": "get_attr",
                "value": "private_key_openssh"
              }
            ],
            [
              {
                "type": "get_attr",
                "value": "private_key_pem"
              }
            ],
            [
              {
                "type": "get_attr",
                "value": "private_key_pem_pkcs8"
              }
            ]
          ],
          "identity_schema_version": 0
        }
      ]
    },
    {
      "mode": "managed",
      "type": "tls_self_signed_cert",
      "name": "auto_cert",
      "provider": "provider[\"registry.terraform.io/hashicorp/tls\"]",
      "instances": [
        {
          "schema_version": 0,
          "attributes": {
            "allowed_uses": [
              "key_encipherment",
              "digital_signature",
              "server_auth"
            ],
            "cert_pem": "-----BEGIN CERTIFICATE-----\nMIIFJjCCAw6gAwIBAgIRAIELuoODGvhO5GDaVNUXzBwwDQYJKoZIhvcNAQELBQAw\nMzElMCMGA1UEChMcRGV2T3BzIEVudGVycHJpc2UgUHJvZHVjdGlvbjEKMAgGA1UE\nAwwBKjAeFw0yNjA4MDExNTI4MzhaFw0yNzA4MDExNTI4MzhaMDMxJTAjBgNVBAoT\nHERldk9wcyBFbnRlcnByaXNlIFByb2R1Y3Rpb24xCjAIBgNVBAMMASowggIiMA0G\nCSqGSIb3DQEBAQUAA4ICDwAwggIKAoICAQDs4nchVz3xEMuK7+2SJTvX7lSU4rcP\nNz9n93TElvKTLvl3hmLR353xOcBRWH9wRdHpozkCZVSgS2Pnl1Yhc7jezWQ/OHYN\nm8yoj9ugKtcaGQKNYxdzECX2QtIOVdOrF+evv/RPKhsJ8m8Dvf5DcbSxeQ+oNMCi\n1AwPX3yGVaIkhGtB0AWNY4hKOAXKdoUpK7uYRH0bV+W+hynGOblT7Ne3nl6hhUT+\nj/3xvRfPmTcmi6+fG76yXaFgkBL8N2joGwXjcffwVdBc2Rkl7S4fv7KtiI+sTcko\nEjMlzp3IS81X8lQRCW8ViwEd4xFZ8m9XU/34W0LAqyxTKP6yBt1p1pUGEikzCcSF\ncnzqyQtsVNw7tJxprjk/Vr0PfSeQ9eGi/buwz1r5jov1ZDdA88jgqlkWV2/7gwxU\nrFq6HB4xAZWoKd+WSwQKNXXxkCLrB1fsl989jD76LXAKMUP1FFq0HCk4UovobncX\nprXu4VaEMwmQTZBRrgs9u71vq2kYTvfCQUDU0ndXqLa19NmXITvrjjcpbUOXLW7Y\ngd2NeJGmR5NAbkRdAR275vErFawiBBEgfczzRnmv++uVFzilMB6xVK+sNJEzgSVC\n7n0SNnTry006+JHp9azk45o0ZOELlF6abl6/nzWvv0uY0kWNLz17hDabsWBn1ZRa\n36rh6znhocitWQIDAQABozUwMzAOBgNVHQ8BAf8EBAMCBaAwEwYDVR0lBAwwCgYI\nKwYBBQUHAwEwDAYDVR0TAQH/BAIwADANBgkqhkiG9w0BAQsFAAOCAgEAWxVu6QEJ\nDsq8MzFYggNzovJxzpC3tqxQPgr/JGbTdNObBkZodGe1tMdO3K0QPTSWT1Su8R5x\n6cK3VjADoahw/SDkg/BfWTLLDbOSPOgaAP5aQbzZUfKl6+FKGkaJjBGTAq4atHXa\nGfmDOGYXh9RP50vjn719EP3ueMJA6JB7bp+Fx/4Fepj99D4yW9JCLOqniE4SDT8a\nVuMEO5rWk0dQItKGk41yTvGrY6WTaabw9YfCCRTte3eH8hmpJ8wXs8VbZk3f70bi\n80IeugQbrmvDGvYNY8oiFjzsKppmedA9pzlAd8Lntau9+ILAGJbErzHGPDZyfvvB\n1pRK9Gqcc4pLPfNk31uHYecbTYh5ijviCu6g141jC91wPPFNsiQRbLIWF2CvaNkR\nCrCyqGSNFl/7ZzW7RFSSPa1IHiBfGyzXpxWt3Odi3chH5z/ra0ipRQ9B08KAScEl\nAhG3MpZgSii59sA6iOP4b2W81e81i44kLsgY+PQP74NWegXyqYL8+kCwbWC6TRZf\nVdYXOpa5pKPA/B8LIueGLW5xBRpdSotnul3xpjyJndB+/w2uQLvCfrKt1RmY+BQc\nNMfNdn5jH4YAI8aBM4gq5REn1Co6aY7tT4dhMXKdNGDhuSB5cP+dBbSvGJAa9V2X\nSzwvkG4lSwSB/9ICGTGlXnqQeir+iIP8Oug=\n-----END CERTIFICATE-----\n",
            "dns_names": null,
            "early_renewal_hours": 0,
            "id": "171531309669348740247928392057928272924",
            "ip_addresses": null,
            "is_ca_certificate": false,
            "key_algorithm": "RSA",
            "max_path_length": null,
            "private_key_pem": "-----BEGIN RSA PRIVATE KEY-----\nMIIJKgIBAAKCAgEA7OJ3IVc98RDLiu/tkiU71+5UlOK3Dzc/Z/d0xJbyky75d4Zi\n0d+d8TnAUVh/cEXR6aM5AmVUoEtj55dWIXO43s1kPzh2DZvMqI/boCrXGhkCjWMX\ncxAl9kLSDlXTqxfnr7/0TyobCfJvA73+Q3G0sXkPqDTAotQMD198hlWiJIRrQdAF\njWOISjgFynaFKSu7mER9G1flvocpxjm5U+zXt55eoYVE/o/98b0Xz5k3Jouvnxu+\nsl2hYJAS/Ddo6BsF43H38FXQXNkZJe0uH7+yrYiPrE3JKBIzJc6dyEvNV/JUEQlv\nFYsBHeMRWfJvV1P9+FtCwKssUyj+sgbdadaVBhIpMwnEhXJ86skLbFTcO7Scaa45\nP1a9D30nkPXhov27sM9a+Y6L9WQ3QPPI4KpZFldv+4MMVKxauhweMQGVqCnflksE\nCjV18ZAi6wdX7JffPYw++i1wCjFD9RRatBwpOFKL6G53F6a17uFWhDMJkE2QUa4L\nPbu9b6tpGE73wkFA1NJ3V6i2tfTZlyE76443KW1Dly1u2IHdjXiRpkeTQG5EXQEd\nu+bxKxWsIgQRIH3M80Z5r/vrlRc4pTAesVSvrDSRM4ElQu59EjZ068tNOviR6fWs\n5OOaNGThC5Remm5ev581r79LmNJFjS89e4Q2m7FgZ9WUWt+q4es54aHIrVkCAwEA\nAQKCAgAc5L+eqbdEsuV82CiMYa3DuA6JjYDCIp1Bh2mu+/FxGfL0TQg7LLElZgOq\n+GYs8ds5if7vZ6AzoBZ6vlcTY/vZ80gFvROLM+R57/gcOHV9uay5xasrzf2vZLWd\n6YKUtSj9oyZ/zHU5WKCJXpCHtfQSDJ/oBq0zfzVMX7t+4C2TkjJJ9/9hYFFUqjIs\noJm77JloaHwxDF7Zxz9Fbi+IiNREEZVd0rVYboRNSuD/YaMcOMAOYnI3a9u9/TzP\nlkudugQVGsbhAfqVBKcAXQZ5+WYoLAbIP8GoOVYTR7kvn+1XS5fM7y9lO4wCkvqA\nE+XYS0aoVytUeFyC9TZhzRwPJ40MEStlO4VKK46W8tD25TTd+nMoQcSMDaUX5I8M\nVx9eDalqCTBd/52gaaYP8IoltbuGFbNyRBkJkACQWGUVpLh+F6/5yA+f4eQ8FTK1\n5RExocgWc2RY1ku5QbCooBBssTT3RTxhFw0b22BIiA7kTHXeuwFnOyhyyhXnT9m9\net2xmOKHn5PmmARwdMNzAPIcjXQS18ClK8oRHWaNH1huouEEhNRq3UW8o/s64kLn\n40BPd25FEXz1YgVZz8xkuaZJT0+dEFgDcBEu8z+2UT8Rja+1M/oTw5fs6kM4YTnR\nANSQRQFmf6D58vcXQUag61giO4S1ElXotRUJ9PYfaPUAxvJdnQKCAQEA7uQ/I2eh\n1sBHqFepgW28vzJAFhqGJ3NNtTrinwAUUhgXLH/GHj7hi7kytx8MsOhYKoKKL32U\nZgAG6G435rVBJxbZuMV0SyAlVQ3s3zRG1LwHT8wW1tb16vzPcMfTkDmYnlhhH7WM\nN+JOzcisXNFVez90gTXmGOLuDVKGFRU3gZEzgaqpXn3kHsFAgHnP3I1Z71fCvZ8u\nhrL47WJR+FXjtwxlcclybBZiGjlFl3auiSpjeNXMma4uiuwiGJb7xMQNWzlknCZC\nNyebzsbdK3zhcxJUUcI5E+V0IQ3kEc85sVbZYp5yZYgReOct+DZ4ZZkHO/NSWIIy\nBlaX8VTECe5btQKCAQEA/dlsgj5xdcdlvy5IMEmrU8GNWLd9CyjBA/cf2LpWSA7s\n+E9jw9WXXRW1D16FbcmupOiDCvaUPTkeX/z99HtzEg7Q/G0q9ZSHESC6HFnoU7k1\nqQtJq24n7sGZwSnLeltz61Pa+ajAkiddnRBfqN3ntGBO91BWCrRaDvmFnOSJZrVe\nz+4Z9/sLVKtCuELK8ub6EROZbslqBzfq/ZOVkQnF7DrmLBamUD3RmvCkfM02vdtN\nVckjL65NWPrvguCrA8wgvmxqTzH4VfThhaKM8FUY0SgRhgwa4EhdpUdXfqq5W4BQ\nNN+hNN6jixtzDBy29Y+33GlDeg19nHSErOrpolo5lQKCAQEAu0MGT02UKpAtW8Pj\n5sZL16CfZfRCxzf2aSMQtEzOoQ+rUsGSXvExwmJZY/yd6SsouaH8in+pTU+mGpsT\njPD2cprR7qoxoBZBzWuOC+WhxG7kWGQGX0DAIwUr4x9xMzRC85UaBU497SykU2GD\n43pgxK0YOZUzmryAmMbgvjQUf6d/tZw/CggrQwR/+HYEP8I6BolH6XaXdRVkVkjl\nMoK5byrzdn/QBvSA0EemyrVI2dL1iKonqSxF5bZ2f8oS78ozIhhaSqEe9LdCxpNS\nmh1ZaOesWy6hqXwLTUHjTyae9em7nDfSOs6vy5OEkHa6aAHODuuM2D6u0hMdJhsp\nVROYpQKCAQEAsmdbDlIqVVc0198EFwO/aBbQavhR5kTXGh1VAXE78FqlCoJpIBn9\nzgrSfCG27ojet8E9T7gqSLja8yUPqgIUxi0pjS6AEaY4Ir54bjJ1yFmTL+Hh/Zxm\nbjMcBxiDi9O4LTx62hlSdaU68oauZDTIgglplgCc59sGrB2LXM91DX0MTGAPWivS\nM8hFFNDEZ2ATgWrf22+sl7Qh7+MIK63Nrw9Z8sRcUGqR5C2ZvKhQ/6+fs1mv4/PB\nIncBW17gccPFg28Ya943pNl8ofmyyblUvrJFVostXFEfl2gDQt9jc75DIFXGqyyJ\njdtVyL5piz1dP4evR5kxnYJ6ODjEyDhW3QKCAQEA2aYYSE9c7emPQMLAN/Ms9UWD\nJDbHdpCteQJteoiNWx1GkcD6LeBuR9/64JGQMGhwq6o2Q1B3ZRpY4nibCL/NCWGf\n4LbiDEBC1+ZHx3cHqCmE2aCCZk8DGSPhVJG4+28J5ZLikVvFttzM1sZJ/ReRYMQn\noDGSe9AfeBRTRdMplFhh/rA0BxA7bbfXQimxb9/5MWqGnWOSEgnkEgMJ4sUBJG8U\nZFGL45hl7Bs88T/q3E2Pn2Sd2qtL/2vL1QHYxfWlYBBedxOnJgNXT7mZXvh3fN3R\ns/W7HdaBfMB1NGTtl26+l44Mqg3nDUy3Dw1Koe+frIHxrSGDuu3324ZG4vf97g==\n-----END RSA PRIVATE KEY-----\n",
            "ready_for_renewal": false,
            "set_authority_key_id": false,
            "set_subject_key_id": false,
            "subject": [
              {
                "common_name": "*",
                "country": null,
                "email_address": null,
                "locality": null,
                "organization": "DevOps Enterprise Production",
                "organizational_unit": null,
                "postal_code": null,
                "province": null,
                "serial_number": null,
                "street_address": null
              }
            ],
            "uris": null,
            "validity_end_time": "2027-08-01T18:28:38.904464193+03:00",
            "validity_period_hours": 8760,
            "validity_start_time": "2026-08-01T18:28:38.904464193+03:00"
          },
          "sensitive_attributes": [
            [
              {
                "type": "get_attr",
                "value": "private_key_pem"
              }
            ]
          ],
          "identity_schema_version": 0,
          "dependencies": [
            "tls_private_key.auto_key"
          ]
        }
      ]
    },
    {
      "mode": "managed",
      "type": "yandex_alb_backend_group",
      "name": "web_backend_group",
      "provider": "provider[\"registry.terraform.io/yandex-cloud/yandex\"]",
      "instances": [
        {
          "schema_version": 0,
          "attributes": {
            "created_at": "2026-08-01T15:30:24Z",
            "description": "",
            "folder_id": "b1gfnin5k6cbrnbsamn0",
            "grpc_backend": [],
            "http_backend": [
              {
                "healthcheck": [
                  {
                    "grpc_healthcheck": [],
                    "healthcheck_port": 0,
                    "healthy_threshold": 2,
                    "http_healthcheck": [
                      {
                        "expected_statuses": [],
                        "host": "",
                        "http2": false,
                        "path": "/"
                      }
                    ],
                    "interval": "5s",
                    "interval_jitter_percent": 0,
                    "stream_healthcheck": [],
                    "timeout": "2s",
                    "unhealthy_threshold": 3
                  }
                ],
                "http2": false,
                "load_balancing_config": [],
                "name": "web-http-backend",
                "port": 80,
                "storage_bucket": "",
                "target_group_ids": [
                  "ds70b1hc7f828u13avca"
                ],
                "tls": [],
                "weight": 1
              }
            ],
            "id": "ds7s8r6pkaoo35f6chu0",
            "labels": {},
            "name": "web-servers-backend-group",
            "session_affinity": [],
            "stream_backend": [],
            "timeouts": null
          },
          "sensitive_attributes": [],
          "identity_schema_version": 0,
          "private": "eyJlMmJmYjczMC1lY2FhLTExZTYtOGY4OC0zNDM2M2JjN2M0YzAiOnsiY3JlYXRlIjozMDAwMDAwMDAwMDAsImRlbGV0ZSI6MzAwMDAwMDAwMDAwLCJ1cGRhdGUiOjMwMDAwMDAwMDAwMH19",
          "dependencies": [
            "data.yandex_compute_image.debian",
            "yandex_compute_instance_group.web_group",
            "yandex_iam_service_account.ig_sa",
            "yandex_resourcemanager_folder_iam_member.ig_editor",
            "yandex_vpc_gateway.nat_gateway",
            "yandex_vpc_network.main_vpc",
            "yandex_vpc_route_table.nat_route_table",
            "yandex_vpc_security_group.web_sg",
            "yandex_vpc_subnet.private_a",
            "yandex_vpc_subnet.private_b"
          ]
        }
      ]
    },
    {
      "mode": "managed",
      "type": "yandex_alb_http_router",
      "name": "web_router",
      "provider": "provider[\"registry.terraform.io/yandex-cloud/yandex\"]",
      "instances": [
        {
          "schema_version": 0,
          "attributes": {
            "created_at": "2026-08-01T15:28:39Z",
            "description": "",
            "folder_id": "b1gfnin5k6cbrnbsamn0",
            "id": "ds7qg4na9b809vp65bjp",
            "labels": {},
            "name": "web-servers-http-router",
            "route_options": [],
            "timeouts": null
          },
          "sensitive_attributes": [],
          "identity_schema_version": 0,
          "private": "eyJlMmJmYjczMC1lY2FhLTExZTYtOGY4OC0zNDM2M2JjN2M0YzAiOnsiY3JlYXRlIjozMDAwMDAwMDAwMDAsImRlbGV0ZSI6MzAwMDAwMDAwMDAwLCJ1cGRhdGUiOjMwMDAwMDAwMDAwMH19"
        }
      ]
    },
    {
      "mode": "managed",
      "type": "yandex_alb_load_balancer",
      "name": "web_balancer",
      "provider": "provider[\"registry.terraform.io/yandex-cloud/yandex\"]",
      "instances": [
        {
          "schema_version": 0,
          "attributes": {
            "allocation_policy": [
              {
                "location": [
                  {
                    "disable_traffic": false,
                    "subnet_id": "e9bcch0ej545u5m266q5",
                    "zone_id": "ru-central1-a"
                  }
                ]
              }
            ],
            "allow_zonal_shift": false,
            "auto_scale_policy": [],
            "created_at": "2026-08-01T15:28:45Z",
            "description": "",
            "folder_id": "b1gfnin5k6cbrnbsamn0",
            "id": "ds7n9s5jji0bii6oqbfb",
            "labels": {},
            "listener": [
              {
                "endpoint": [
                  {
                    "address": [
                      {
                        "external_ipv4_address": [
                          {
                            "address": "158.160.180.39"
                          }
                        ],
                        "external_ipv6_address": [],
                        "internal_ipv4_address": []
                      }
                    ],
                    "ports": [
                      443
                    ]
                  }
                ],
                "http": [],
                "name": "https-listener",
                "stream": [],
                "tls": [
                  {
                    "default_handler": [
                      {
                        "certificate_ids": [
                          "fpqfj5qb55nfli6c281v"
                        ],
                        "client_certificates_verification": [],
                        "http_handler": [
                          {
                            "allow_http10": false,
                            "http2_options": [],
                            "http_router_id": "ds7qg4na9b809vp65bjp",
                            "preserve_http1_header_casing": false,
                            "rewrite_request_id": false
                          }
                        ],
                        "stream_handler": []
                      }
                    ],
                    "sni_handler": []
                  }
                ]
              }
            ],
            "log_group_id": "",
            "log_options": [],
            "name": "site-application-load-balancer",
            "network_id": "enp3q8tgvc9hols70kdb",
            "region_id": "",
            "security_group_ids": [
              "enpu46f4cfpbpednttcc"
            ],
            "status": "active",
            "timeouts": null
          },
          "sensitive_attributes": [],
          "identity_schema_version": 0,
          "private": "eyJlMmJmYjczMC1lY2FhLTExZTYtOGY4OC0zNDM2M2JjN2M0YzAiOnsiY3JlYXRlIjo2MDAwMDAwMDAwMDAsImRlbGV0ZSI6NjAwMDAwMDAwMDAwLCJ1cGRhdGUiOjYwMDAwMDAwMDAwMH19",
          "dependencies": [
            "tls_private_key.auto_key",
            "tls_self_signed_cert.auto_cert",
            "yandex_alb_http_router.web_router",
            "yandex_cm_certificate.site_cert",
            "yandex_vpc_network.main_vpc",
            "yandex_vpc_security_group.web_sg",
            "yandex_vpc_subnet.public_a"
          ]
        }
      ]
    },
    {
      "mode": "managed",
      "type": "yandex_alb_virtual_host",
      "name": "web_virtual_host",
      "provider": "provider[\"registry.terraform.io/yandex-cloud/yandex\"]",
      "instances": [
        {
          "schema_version": 0,
          "attributes": {
            "authority": [
              "*"
            ],
            "http_router_id": "ds7qg4na9b809vp65bjp",
            "id": "ds7qg4na9b809vp65bjp/web-virtual-host",
            "modify_request_headers": [],
            "modify_response_headers": [],
            "name": "web-virtual-host",
            "rate_limit": [],
            "route": [
              {
                "client_certificate_forward": [],
                "disable_security_profile": false,
                "grpc_route": [],
                "http_route": [
                  {
                    "direct_response_action": [],
                    "http_match": [],
                    "http_route_action": [
                      {
                        "auto_host_rewrite": false,
                        "backend_group_id": "ds7s8r6pkaoo35f6chu0",
                        "host_rewrite": "",
                        "idle_timeout": "",
                        "prefix_rewrite": "",
                        "rate_limit": [],
                        "regex_rewrite": [],
                        "timeout": "",
                        "upgrade_types": []
                      }
                    ],
                    "redirect_action": []
                  }
                ],
                "name": "main-route",
                "route_options": []
              }
            ],
            "route_options": [],
            "timeouts": null
          },
          "sensitive_attributes": [],
          "identity_schema_version": 0,
          "private": "eyJlMmJmYjczMC1lY2FhLTExZTYtOGY4OC0zNDM2M2JjN2M0YzAiOnsiY3JlYXRlIjozMDAwMDAwMDAwMDAsImRlbGV0ZSI6MzAwMDAwMDAwMDAwLCJ1cGRhdGUiOjMwMDAwMDAwMDAwMH19",
          "dependencies": [
            "data.yandex_compute_image.debian",
            "yandex_alb_backend_group.web_backend_group",
            "yandex_alb_http_router.web_router",
            "yandex_compute_instance_group.web_group",
            "yandex_iam_service_account.ig_sa",
            "yandex_resourcemanager_folder_iam_member.ig_editor",
            "yandex_vpc_gateway.nat_gateway",
            "yandex_vpc_network.main_vpc",
            "yandex_vpc_route_table.nat_route_table",
            "yandex_vpc_security_group.web_sg",
            "yandex_vpc_subnet.private_a",
            "yandex_vpc_subnet.private_b"
          ]
        }
      ]
    },
    {
      "mode": "managed",
      "type": "yandex_cm_certificate",
      "name": "site_cert",
      "provider": "provider[\"registry.terraform.io/yandex-cloud/yandex\"]",
      "instances": [
        {
          "schema_version": 1,
          "attributes": {
            "challenges": [],
            "created_at": "2026-08-01T15:28:39Z",
            "deletion_protection": false,
            "description": "",
            "domains": null,
            "folder_id": "b1gfnin5k6cbrnbsamn0",
            "id": "fpqfj5qb55nfli6c281v",
            "issued_at": "2026-08-01T15:28:39Z",
            "issuer": "CN=*,O=DevOps Enterprise Production",
            "labels": {},
            "managed": [],
            "name": "site-ssl-certificate",
            "not_after": "2027-08-01T15:28:38Z",
            "not_before": "2026-08-01T15:28:38Z",
            "self_managed": [
              {
                "certificate": "-----BEGIN CERTIFICATE-----\nMIIFJjCCAw6gAwIBAgIRAIELuoODGvhO5GDaVNUXzBwwDQYJKoZIhvcNAQELBQAw\nMzElMCMGA1UEChMcRGV2T3BzIEVudGVycHJpc2UgUHJvZHVjdGlvbjEKMAgGA1UE\nAwwBKjAeFw0yNjA4MDExNTI4MzhaFw0yNzA4MDExNTI4MzhaMDMxJTAjBgNVBAoT\nHERldk9wcyBFbnRlcnByaXNlIFByb2R1Y3Rpb24xCjAIBgNVBAMMASowggIiMA0G\nCSqGSIb3DQEBAQUAA4ICDwAwggIKAoICAQDs4nchVz3xEMuK7+2SJTvX7lSU4rcP\nNz9n93TElvKTLvl3hmLR353xOcBRWH9wRdHpozkCZVSgS2Pnl1Yhc7jezWQ/OHYN\nm8yoj9ugKtcaGQKNYxdzECX2QtIOVdOrF+evv/RPKhsJ8m8Dvf5DcbSxeQ+oNMCi\n1AwPX3yGVaIkhGtB0AWNY4hKOAXKdoUpK7uYRH0bV+W+hynGOblT7Ne3nl6hhUT+\nj/3xvRfPmTcmi6+fG76yXaFgkBL8N2joGwXjcffwVdBc2Rkl7S4fv7KtiI+sTcko\nEjMlzp3IS81X8lQRCW8ViwEd4xFZ8m9XU/34W0LAqyxTKP6yBt1p1pUGEikzCcSF\ncnzqyQtsVNw7tJxprjk/Vr0PfSeQ9eGi/buwz1r5jov1ZDdA88jgqlkWV2/7gwxU\nrFq6HB4xAZWoKd+WSwQKNXXxkCLrB1fsl989jD76LXAKMUP1FFq0HCk4UovobncX\nprXu4VaEMwmQTZBRrgs9u71vq2kYTvfCQUDU0ndXqLa19NmXITvrjjcpbUOXLW7Y\ngd2NeJGmR5NAbkRdAR275vErFawiBBEgfczzRnmv++uVFzilMB6xVK+sNJEzgSVC\n7n0SNnTry006+JHp9azk45o0ZOELlF6abl6/nzWvv0uY0kWNLz17hDabsWBn1ZRa\n36rh6znhocitWQIDAQABozUwMzAOBgNVHQ8BAf8EBAMCBaAwEwYDVR0lBAwwCgYI\nKwYBBQUHAwEwDAYDVR0TAQH/BAIwADANBgkqhkiG9w0BAQsFAAOCAgEAWxVu6QEJ\nDsq8MzFYggNzovJxzpC3tqxQPgr/JGbTdNObBkZodGe1tMdO3K0QPTSWT1Su8R5x\n6cK3VjADoahw/SDkg/BfWTLLDbOSPOgaAP5aQbzZUfKl6+FKGkaJjBGTAq4atHXa\nGfmDOGYXh9RP50vjn719EP3ueMJA6JB7bp+Fx/4Fepj99D4yW9JCLOqniE4SDT8a\nVuMEO5rWk0dQItKGk41yTvGrY6WTaabw9YfCCRTte3eH8hmpJ8wXs8VbZk3f70bi\n80IeugQbrmvDGvYNY8oiFjzsKppmedA9pzlAd8Lntau9+ILAGJbErzHGPDZyfvvB\n1pRK9Gqcc4pLPfNk31uHYecbTYh5ijviCu6g141jC91wPPFNsiQRbLIWF2CvaNkR\nCrCyqGSNFl/7ZzW7RFSSPa1IHiBfGyzXpxWt3Odi3chH5z/ra0ipRQ9B08KAScEl\nAhG3MpZgSii59sA6iOP4b2W81e81i44kLsgY+PQP74NWegXyqYL8+kCwbWC6TRZf\nVdYXOpa5pKPA/B8LIueGLW5xBRpdSotnul3xpjyJndB+/w2uQLvCfrKt1RmY+BQc\nNMfNdn5jH4YAI8aBM4gq5REn1Co6aY7tT4dhMXKdNGDhuSB5cP+dBbSvGJAa9V2X\nSzwvkG4lSwSB/9ICGTGlXnqQeir+iIP8Oug=\n-----END CERTIFICATE-----\n",
                "private_key": "-----BEGIN RSA PRIVATE KEY-----\nMIIJKgIBAAKCAgEA7OJ3IVc98RDLiu/tkiU71+5UlOK3Dzc/Z/d0xJbyky75d4Zi\n0d+d8TnAUVh/cEXR6aM5AmVUoEtj55dWIXO43s1kPzh2DZvMqI/boCrXGhkCjWMX\ncxAl9kLSDlXTqxfnr7/0TyobCfJvA73+Q3G0sXkPqDTAotQMD198hlWiJIRrQdAF\njWOISjgFynaFKSu7mER9G1flvocpxjm5U+zXt55eoYVE/o/98b0Xz5k3Jouvnxu+\nsl2hYJAS/Ddo6BsF43H38FXQXNkZJe0uH7+yrYiPrE3JKBIzJc6dyEvNV/JUEQlv\nFYsBHeMRWfJvV1P9+FtCwKssUyj+sgbdadaVBhIpMwnEhXJ86skLbFTcO7Scaa45\nP1a9D30nkPXhov27sM9a+Y6L9WQ3QPPI4KpZFldv+4MMVKxauhweMQGVqCnflksE\nCjV18ZAi6wdX7JffPYw++i1wCjFD9RRatBwpOFKL6G53F6a17uFWhDMJkE2QUa4L\nPbu9b6tpGE73wkFA1NJ3V6i2tfTZlyE76443KW1Dly1u2IHdjXiRpkeTQG5EXQEd\nu+bxKxWsIgQRIH3M80Z5r/vrlRc4pTAesVSvrDSRM4ElQu59EjZ068tNOviR6fWs\n5OOaNGThC5Remm5ev581r79LmNJFjS89e4Q2m7FgZ9WUWt+q4es54aHIrVkCAwEA\nAQKCAgAc5L+eqbdEsuV82CiMYa3DuA6JjYDCIp1Bh2mu+/FxGfL0TQg7LLElZgOq\n+GYs8ds5if7vZ6AzoBZ6vlcTY/vZ80gFvROLM+R57/gcOHV9uay5xasrzf2vZLWd\n6YKUtSj9oyZ/zHU5WKCJXpCHtfQSDJ/oBq0zfzVMX7t+4C2TkjJJ9/9hYFFUqjIs\noJm77JloaHwxDF7Zxz9Fbi+IiNREEZVd0rVYboRNSuD/YaMcOMAOYnI3a9u9/TzP\nlkudugQVGsbhAfqVBKcAXQZ5+WYoLAbIP8GoOVYTR7kvn+1XS5fM7y9lO4wCkvqA\nE+XYS0aoVytUeFyC9TZhzRwPJ40MEStlO4VKK46W8tD25TTd+nMoQcSMDaUX5I8M\nVx9eDalqCTBd/52gaaYP8IoltbuGFbNyRBkJkACQWGUVpLh+F6/5yA+f4eQ8FTK1\n5RExocgWc2RY1ku5QbCooBBssTT3RTxhFw0b22BIiA7kTHXeuwFnOyhyyhXnT9m9\net2xmOKHn5PmmARwdMNzAPIcjXQS18ClK8oRHWaNH1huouEEhNRq3UW8o/s64kLn\n40BPd25FEXz1YgVZz8xkuaZJT0+dEFgDcBEu8z+2UT8Rja+1M/oTw5fs6kM4YTnR\nANSQRQFmf6D58vcXQUag61giO4S1ElXotRUJ9PYfaPUAxvJdnQKCAQEA7uQ/I2eh\n1sBHqFepgW28vzJAFhqGJ3NNtTrinwAUUhgXLH/GHj7hi7kytx8MsOhYKoKKL32U\nZgAG6G435rVBJxbZuMV0SyAlVQ3s3zRG1LwHT8wW1tb16vzPcMfTkDmYnlhhH7WM\nN+JOzcisXNFVez90gTXmGOLuDVKGFRU3gZEzgaqpXn3kHsFAgHnP3I1Z71fCvZ8u\nhrL47WJR+FXjtwxlcclybBZiGjlFl3auiSpjeNXMma4uiuwiGJb7xMQNWzlknCZC\nNyebzsbdK3zhcxJUUcI5E+V0IQ3kEc85sVbZYp5yZYgReOct+DZ4ZZkHO/NSWIIy\nBlaX8VTECe5btQKCAQEA/dlsgj5xdcdlvy5IMEmrU8GNWLd9CyjBA/cf2LpWSA7s\n+E9jw9WXXRW1D16FbcmupOiDCvaUPTkeX/z99HtzEg7Q/G0q9ZSHESC6HFnoU7k1\nqQtJq24n7sGZwSnLeltz61Pa+ajAkiddnRBfqN3ntGBO91BWCrRaDvmFnOSJZrVe\nz+4Z9/sLVKtCuELK8ub6EROZbslqBzfq/ZOVkQnF7DrmLBamUD3RmvCkfM02vdtN\nVckjL65NWPrvguCrA8wgvmxqTzH4VfThhaKM8FUY0SgRhgwa4EhdpUdXfqq5W4BQ\nNN+hNN6jixtzDBy29Y+33GlDeg19nHSErOrpolo5lQKCAQEAu0MGT02UKpAtW8Pj\n5sZL16CfZfRCxzf2aSMQtEzOoQ+rUsGSXvExwmJZY/yd6SsouaH8in+pTU+mGpsT\njPD2cprR7qoxoBZBzWuOC+WhxG7kWGQGX0DAIwUr4x9xMzRC85UaBU497SykU2GD\n43pgxK0YOZUzmryAmMbgvjQUf6d/tZw/CggrQwR/+HYEP8I6BolH6XaXdRVkVkjl\nMoK5byrzdn/QBvSA0EemyrVI2dL1iKonqSxF5bZ2f8oS78ozIhhaSqEe9LdCxpNS\nmh1ZaOesWy6hqXwLTUHjTyae9em7nDfSOs6vy5OEkHa6aAHODuuM2D6u0hMdJhsp\nVROYpQKCAQEAsmdbDlIqVVc0198EFwO/aBbQavhR5kTXGh1VAXE78FqlCoJpIBn9\nzgrSfCG27ojet8E9T7gqSLja8yUPqgIUxi0pjS6AEaY4Ir54bjJ1yFmTL+Hh/Zxm\nbjMcBxiDi9O4LTx62hlSdaU68oauZDTIgglplgCc59sGrB2LXM91DX0MTGAPWivS\nM8hFFNDEZ2ATgWrf22+sl7Qh7+MIK63Nrw9Z8sRcUGqR5C2ZvKhQ/6+fs1mv4/PB\nIncBW17gccPFg28Ya943pNl8ofmyyblUvrJFVostXFEfl2gDQt9jc75DIFXGqyyJ\njdtVyL5piz1dP4evR5kxnYJ6ODjEyDhW3QKCAQEA2aYYSE9c7emPQMLAN/Ms9UWD\nJDbHdpCteQJteoiNWx1GkcD6LeBuR9/64JGQMGhwq6o2Q1B3ZRpY4nibCL/NCWGf\n4LbiDEBC1+ZHx3cHqCmE2aCCZk8DGSPhVJG4+28J5ZLikVvFttzM1sZJ/ReRYMQn\noDGSe9AfeBRTRdMplFhh/rA0BxA7bbfXQimxb9/5MWqGnWOSEgnkEgMJ4sUBJG8U\nZFGL45hl7Bs88T/q3E2Pn2Sd2qtL/2vL1QHYxfWlYBBedxOnJgNXT7mZXvh3fN3R\ns/W7HdaBfMB1NGTtl26+l44Mqg3nDUy3Dw1Koe+frIHxrSGDuu3324ZG4vf97g==\n-----END RSA PRIVATE KEY-----\n",
                "private_key_lockbox_secret": []
              }
            ],
            "serial": "810bba83831af84ee460da54d517cc1c",
            "status": "ISSUED",
            "subject": "CN=*,O=DevOps Enterprise Production",
            "timeouts": null,
            "type": "IMPORTED",
            "updated_at": "2026-08-01T15:28:39Z"
          },
          "sensitive_attributes": [
            [
              {
                "type": "get_attr",
                "value": "self_managed"
              },
              {
                "type": "index",
                "value": {
                  "value": 0,
                  "type": "number"
                }
              },
              {
                "type": "get_attr",
                "value": "private_key"
              }
            ]
          ],
          "identity_schema_version": 0,
          "private": "eyJlMmJmYjczMC1lY2FhLTExZTYtOGY4OC0zNDM2M2JjN2M0YzAiOnsiY3JlYXRlIjo2MDAwMDAwMDAwMCwiZGVsZXRlIjo2MDAwMDAwMDAwMCwicmVhZCI6NjAwMDAwMDAwMDAsInVwZGF0ZSI6NjAwMDAwMDAwMDB9LCJzY2hlbWFfdmVyc2lvbiI6IjEifQ==",
          "dependencies": [
            "tls_private_key.auto_key",
            "tls_self_signed_cert.auto_cert"
          ]
        }
      ]
    },
    {
      "mode": "managed",
      "type": "yandex_compute_instance",
      "name": "bastion",
      "provider": "provider[\"registry.terraform.io/yandex-cloud/yandex\"]",
      "instances": [
        {
          "schema_version": 1,
          "attributes": {
            "allow_recreate": null,
            "allow_stopping_for_update": null,
            "boot_disk": [
              {
                "auto_delete": true,
                "device_name": "fhmceotvj42p8c0kmg71",
                "disk_id": "fhmceotvj42p8c0kmg71",
                "initialize_params": [
                  {
                    "block_size": 4096,
                    "description": "",
                    "image_id": "fd8tps4kduh4m28n889n",
                    "kms_key_id": "",
                    "name": "",
                    "size": 15,
                    "snapshot_id": "",
                    "type": "network-hdd"
                  }
                ],
                "mode": "READ_WRITE"
              }
            ],
            "created_at": "2026-08-01T15:36:45Z",
            "description": "",
            "filesystem": [],
            "folder_id": "b1gfnin5k6cbrnbsamn0",
            "fqdn": "fhmob9o6lp2cthoql94s.auto.internal",
            "gpu_cluster_id": "",
            "hardware_generation": [
              {
                "generation2_features": [],
                "legacy_features": [
                  {
                    "pci_topology": "PCI_TOPOLOGY_V2"
                  }
                ]
              }
            ],
            "hostname": "",
            "id": "fhmob9o6lp2cthoql94s",
            "labels": null,
            "local_disk": [],
            "maintenance_grace_period": "",
            "maintenance_policy": null,
            "metadata": {
              "user-data": "#cloud-config\nusers:\n  - name: debian\n    groups: sudo\n    shell: /bin/bash\n    sudo: 'ALL=(ALL) NOPASSWD:ALL'\n    ssh_authorized_keys:\n      - \"ssh-ed25519 AAAAC3NzaC1lZDI1NTE5AAAAILAoFf1G4TtCvUyjfoGYU9vzHj+/hM0jAKD830uCiqIW sanya8517@yandex.ru\"\n"
            },
            "metadata_options": [
              {
                "aws_v1_http_endpoint": 1,
                "aws_v1_http_token": 2,
                "aws_v2_http_endpoint": 1,
                "aws_v2_http_token": 1,
                "gce_http_endpoint": 1,
                "gce_http_token": 1
              }
            ],
            "name": "enterprise-bastion",
            "network_acceleration_type": "standard",
            "network_interface": [
              {
                "dns_record": [],
                "index": 0,
                "ip_address": "10.100.10.22",
                "ipv4": true,
                "ipv6": false,
                "ipv6_address": "",
                "ipv6_dns_record": [],
                "mac_address": "d0:0d:18:5a:70:6a",
                "nat": true,
                "nat_dns_record": [],
                "nat_ip_address": "93.77.184.57",
                "nat_ip_version": "IPV4",
                "security_group_ids": [
                  "enphijq3nme15e5rjine"
                ],
                "subnet_id": "e9bcch0ej545u5m266q5"
              }
            ],
            "placement_policy": [
              {
                "host_affinity_rules": [],
                "placement_group_id": "",
                "placement_group_partition": 0
              }
            ],
            "platform_id": "standard-v3",
            "reserved_instance_pool_id": "",
            "resources": [
              {
                "core_fraction": 20,
                "cores": 2,
                "gpus": 0,
                "memory": 2
              }
            ],
            "scheduling_policy": [
              {
                "preemptible": false
              }
            ],
            "secondary_disk": [],
            "service_account_id": "",
            "status": "running",
            "timeouts": null,
            "zone": "ru-central1-a"
          },
          "sensitive_attributes": [],
          "identity_schema_version": 0,
          "private": "eyJlMmJmYjczMC1lY2FhLTExZTYtOGY4OC0zNDM2M2JjN2M0YzAiOnsiY3JlYXRlIjozMDAwMDAwMDAwMDAsImRlbGV0ZSI6MzAwMDAwMDAwMDAwLCJ1cGRhdGUiOjMwMDAwMDAwMDAwMH0sInNjaGVtYV92ZXJzaW9uIjoiMSJ9",
          "dependencies": [
            "data.yandex_compute_image.debian",
            "yandex_vpc_network.main_vpc",
            "yandex_vpc_security_group.bastion_sg",
            "yandex_vpc_subnet.public_a"
          ]
        }
      ]
    },
    {
      "mode": "managed",
      "type": "yandex_compute_instance",
      "name": "elasticsearch_storage",
      "provider": "provider[\"registry.terraform.io/yandex-cloud/yandex\"]",
      "instances": [
        {
          "schema_version": 1,
          "attributes": {
            "allow_recreate": null,
            "allow_stopping_for_update": null,
            "boot_disk": [
              {
                "auto_delete": true,
                "device_name": "fhmus6fi3c6kmtu1ogmr",
                "disk_id": "fhmus6fi3c6kmtu1ogmr",
                "initialize_params": [
                  {
                    "block_size": 4096,
                    "description": "",
                    "image_id": "fd8tps4kduh4m28n889n",
                    "kms_key_id": "",
                    "name": "",
                    "size": 20,
                    "snapshot_id": "",
                    "type": "network-hdd"
                  }
                ],
                "mode": "READ_WRITE"
              }
            ],
            "created_at": "2026-08-01T15:28:48Z",
            "description": "",
            "filesystem": [],
            "folder_id": "b1gfnin5k6cbrnbsamn0",
            "fqdn": "fhmrrm0tjf7t2cq3jknf.auto.internal",
            "gpu_cluster_id": "",
            "hardware_generation": [
              {
                "generation2_features": [],
                "legacy_features": [
                  {
                    "pci_topology": "PCI_TOPOLOGY_V2"
                  }
                ]
              }
            ],
            "hostname": "",
            "id": "fhmrrm0tjf7t2cq3jknf",
            "labels": {},
            "local_disk": [],
            "maintenance_grace_period": "",
            "maintenance_policy": null,
            "metadata": {
              "user-data": "#cloud-config\nusers:\n  - name: debian\n    groups: sudo\n    shell: /bin/bash\n    sudo: 'ALL=(ALL) NOPASSWD:ALL'\n    ssh_authorized_keys:\n      - \"ssh-ed25519 AAAAC3NzaC1lZDI1NTE5AAAAILAoFf1G4TtCvUyjfoGYU9vzHj+/hM0jAKD830uCiqIW sanya8517@yandex.ru\"\n"
            },
            "metadata_options": [
              {
                "aws_v1_http_endpoint": 1,
                "aws_v1_http_token": 2,
                "aws_v2_http_endpoint": 1,
                "aws_v2_http_token": 1,
                "gce_http_endpoint": 1,
                "gce_http_token": 1
              }
            ],
            "name": "enterprise-elasticsearch-storage",
            "network_acceleration_type": "standard",
            "network_interface": [
              {
                "dns_record": [],
                "index": 0,
                "ip_address": "10.100.20.28",
                "ipv4": true,
                "ipv6": false,
                "ipv6_address": "",
                "ipv6_dns_record": [],
                "mac_address": "d0:0d:1b:dd:81:d9",
                "nat": false,
                "nat_dns_record": [],
                "nat_ip_address": "",
                "nat_ip_version": "",
                "security_group_ids": [
                  "enphlehj0us5fpnlu2iu"
                ],
                "subnet_id": "e9brn5tll7qh2rr29n60"
              }
            ],
            "placement_policy": [
              {
                "host_affinity_rules": [],
                "placement_group_id": "",
                "placement_group_partition": 0
              }
            ],
            "platform_id": "standard-v3",
            "reserved_instance_pool_id": "",
            "resources": [
              {
                "core_fraction": 20,
                "cores": 2,
                "gpus": 0,
                "memory": 4
              }
            ],
            "scheduling_policy": [
              {
                "preemptible": false
              }
            ],
            "secondary_disk": [],
            "service_account_id": "",
            "status": "running",
            "timeouts": null,
            "zone": "ru-central1-a"
          },
          "sensitive_attributes": [],
          "identity_schema_version": 0,
          "private": "eyJlMmJmYjczMC1lY2FhLTExZTYtOGY4OC0zNDM2M2JjN2M0YzAiOnsiY3JlYXRlIjozMDAwMDAwMDAwMDAsImRlbGV0ZSI6MzAwMDAwMDAwMDAwLCJ1cGRhdGUiOjMwMDAwMDAwMDAwMH0sInNjaGVtYV92ZXJzaW9uIjoiMSJ9",
          "dependencies": [
            "data.yandex_compute_image.debian",
            "yandex_vpc_gateway.nat_gateway",
            "yandex_vpc_network.main_vpc",
            "yandex_vpc_route_table.nat_route_table",
            "yandex_vpc_security_group.internal_mgmt_sg",
            "yandex_vpc_subnet.private_a"
          ]
        }
      ]
    },
    {
      "mode": "managed",
      "type": "yandex_compute_instance",
      "name": "kibana_server",
      "provider": "provider[\"registry.terraform.io/yandex-cloud/yandex\"]",
      "instances": [
        {
          "schema_version": 1,
          "attributes": {
            "allow_recreate": null,
            "allow_stopping_for_update": null,
            "boot_disk": [
              {
                "auto_delete": true,
                "device_name": "fhmtc8uiu90btnudesc0",
                "disk_id": "fhmtc8uiu90btnudesc0",
                "initialize_params": [
                  {
                    "block_size": 4096,
                    "description": "",
                    "image_id": "fd8tps4kduh4m28n889n",
                    "kms_key_id": "",
                    "name": "",
                    "size": 15,
                    "snapshot_id": "",
                    "type": "network-hdd"
                  }
                ],
                "mode": "READ_WRITE"
              }
            ],
            "created_at": "2026-08-01T15:28:44Z",
            "description": "",
            "filesystem": [],
            "folder_id": "b1gfnin5k6cbrnbsamn0",
            "fqdn": "fhm3eldf9ts2gukko7nh.auto.internal",
            "gpu_cluster_id": "",
            "hardware_generation": [
              {
                "generation2_features": [],
                "legacy_features": [
                  {
                    "pci_topology": "PCI_TOPOLOGY_V2"
                  }
                ]
              }
            ],
            "hostname": "",
            "id": "fhm3eldf9ts2gukko7nh",
            "labels": {},
            "local_disk": [],
            "maintenance_grace_period": "",
            "maintenance_policy": null,
            "metadata": {
              "user-data": "#cloud-config\nusers:\n  - name: debian\n    groups: sudo\n    shell: /bin/bash\n    sudo: 'ALL=(ALL) NOPASSWD:ALL'\n    ssh_authorized_keys:\n      - \"ssh-ed25519 AAAAC3NzaC1lZDI1NTE5AAAAILAoFf1G4TtCvUyjfoGYU9vzHj+/hM0jAKD830uCiqIW sanya8517@yandex.ru\"\n"
            },
            "metadata_options": [
              {
                "aws_v1_http_endpoint": 1,
                "aws_v1_http_token": 2,
                "aws_v2_http_endpoint": 1,
                "aws_v2_http_token": 1,
                "gce_http_endpoint": 1,
                "gce_http_token": 1
              }
            ],
            "name": "enterprise-kibana-server",
            "network_acceleration_type": "standard",
            "network_interface": [
              {
                "dns_record": [],
                "index": 0,
                "ip_address": "10.100.10.19",
                "ipv4": true,
                "ipv6": false,
                "ipv6_address": "",
                "ipv6_dns_record": [],
                "mac_address": "d0:0d:37:55:af:4f",
                "nat": true,
                "nat_dns_record": [],
                "nat_ip_address": "111.88.250.175",
                "nat_ip_version": "IPV4",
                "security_group_ids": [
                  "enpg1va1atgsqn5fmer5"
                ],
                "subnet_id": "e9bcch0ej545u5m266q5"
              }
            ],
            "placement_policy": [
              {
                "host_affinity_rules": [],
                "placement_group_id": "",
                "placement_group_partition": 0
              }
            ],
            "platform_id": "standard-v3",
            "reserved_instance_pool_id": "",
            "resources": [
              {
                "core_fraction": 20,
                "cores": 2,
                "gpus": 0,
                "memory": 2
              }
            ],
            "scheduling_policy": [
              {
                "preemptible": false
              }
            ],
            "secondary_disk": [],
            "service_account_id": "",
            "status": "running",
            "timeouts": null,
            "zone": "ru-central1-a"
          },
          "sensitive_attributes": [],
          "identity_schema_version": 0,
          "private": "eyJlMmJmYjczMC1lY2FhLTExZTYtOGY4OC0zNDM2M2JjN2M0YzAiOnsiY3JlYXRlIjozMDAwMDAwMDAwMDAsImRlbGV0ZSI6MzAwMDAwMDAwMDAwLCJ1cGRhdGUiOjMwMDAwMDAwMDAwMH0sInNjaGVtYV92ZXJzaW9uIjoiMSJ9",
          "dependencies": [
            "data.yandex_compute_image.debian",
            "yandex_vpc_network.main_vpc",
            "yandex_vpc_security_group.kibana_sg",
            "yandex_vpc_subnet.public_a"
          ]
        }
      ]
    },
    {
      "mode": "managed",
      "type": "yandex_compute_instance",
      "name": "prometheus",
      "provider": "provider[\"registry.terraform.io/yandex-cloud/yandex\"]",
      "instances": [
        {
          "schema_version": 1,
          "attributes": {
            "allow_recreate": null,
            "allow_stopping_for_update": null,
            "boot_disk": [
              {
                "auto_delete": true,
                "device_name": "fhmq2ark0psaea2s8peo",
                "disk_id": "fhmq2ark0psaea2s8peo",
                "initialize_params": [
                  {
                    "block_size": 4096,
                    "description": "",
                    "image_id": "fd8tps4kduh4m28n889n",
                    "kms_key_id": "",
                    "name": "",
                    "size": 15,
                    "snapshot_id": "",
                    "type": "network-hdd"
                  }
                ],
                "mode": "READ_WRITE"
              }
            ],
            "created_at": "2026-08-01T15:28:50Z",
            "description": "",
            "filesystem": [],
            "folder_id": "b1gfnin5k6cbrnbsamn0",
            "fqdn": "fhmsp61hggg4mjcol087.auto.internal",
            "gpu_cluster_id": "",
            "hardware_generation": [
              {
                "generation2_features": [],
                "legacy_features": [
                  {
                    "pci_topology": "PCI_TOPOLOGY_V2"
                  }
                ]
              }
            ],
            "hostname": "",
            "id": "fhmsp61hggg4mjcol087",
            "labels": {},
            "local_disk": [],
            "maintenance_grace_period": "",
            "maintenance_policy": null,
            "metadata": {
              "user-data": "#cloud-config\nusers:\n  - name: debian\n    groups: sudo\n    shell: /bin/bash\n    sudo: 'ALL=(ALL) NOPASSWD:ALL'\n    ssh_authorized_keys:\n      - \"ssh-ed25519 AAAAC3NzaC1lZDI1NTE5AAAAILAoFf1G4TtCvUyjfoGYU9vzHj+/hM0jAKD830uCiqIW sanya8517@yandex.ru\"\n"
            },
            "metadata_options": [
              {
                "aws_v1_http_endpoint": 1,
                "aws_v1_http_token": 2,
                "aws_v2_http_endpoint": 1,
                "aws_v2_http_token": 1,
                "gce_http_endpoint": 1,
                "gce_http_token": 1
              }
            ],
            "name": "enterprise-grafana-server",
            "network_acceleration_type": "standard",
            "network_interface": [
              {
                "dns_record": [],
                "index": 0,
                "ip_address": "10.100.10.27",
                "ipv4": true,
                "ipv6": false,
                "ipv6_address": "",
                "ipv6_dns_record": [],
                "mac_address": "d0:0d:1c:c9:83:18",
                "nat": true,
                "nat_dns_record": [],
                "nat_ip_address": "111.88.255.36",
                "nat_ip_version": "IPV4",
                "security_group_ids": [
                  "enpfbs4qoch32l8khs56"
                ],
                "subnet_id": "e9bcch0ej545u5m266q5"
              }
            ],
            "placement_policy": [
              {
                "host_affinity_rules": [],
                "placement_group_id": "",
                "placement_group_partition": 0
              }
            ],
            "platform_id": "standard-v3",
            "reserved_instance_pool_id": "",
            "resources": [
              {
                "core_fraction": 20,
                "cores": 2,
                "gpus": 0,
                "memory": 2
              }
            ],
            "scheduling_policy": [
              {
                "preemptible": false
              }
            ],
            "secondary_disk": [],
            "service_account_id": "",
            "status": "running",
            "timeouts": null,
            "zone": "ru-central1-a"
          },
          "sensitive_attributes": [],
          "identity_schema_version": 0,
          "private": "eyJlMmJmYjczMC1lY2FhLTExZTYtOGY4OC0zNDM2M2JjN2M0YzAiOnsiY3JlYXRlIjozMDAwMDAwMDAwMDAsImRlbGV0ZSI6MzAwMDAwMDAwMDAwLCJ1cGRhdGUiOjMwMDAwMDAwMDAwMH0sInNjaGVtYV92ZXJzaW9uIjoiMSJ9",
          "dependencies": [
            "data.yandex_compute_image.debian",
            "yandex_vpc_network.main_vpc",
            "yandex_vpc_security_group.grafana_sg",
            "yandex_vpc_subnet.public_a"
          ]
        }
      ]
    },
    {
      "mode": "managed",
      "type": "yandex_compute_instance_group",
      "name": "web_group",
      "provider": "provider[\"registry.terraform.io/yandex-cloud/yandex\"]",
      "instances": [
        {
          "schema_version": 0,
          "attributes": {
            "allocation_policy": [
              {
                "instance_tags_pool": [],
                "zones": [
                  "ru-central1-a",
                  "ru-central1-b"
                ]
              }
            ],
            "application_load_balancer": [
              {
                "ignore_health_checks": false,
                "max_opening_traffic_duration": 0,
                "status_message": "",
                "target_group_description": "",
                "target_group_id": "ds70b1hc7f828u13avca",
                "target_group_labels": {},
                "target_group_name": "dynamic-web-target-group"
              }
            ],
            "created_at": "2026-08-01T15:28:45Z",
            "deletion_protection": false,
            "deploy_policy": [
              {
                "max_creating": 1,
                "max_deleting": 1,
                "max_expansion": 1,
                "max_unavailable": 1,
                "startup_duration": 0,
                "strategy": "proactive"
              }
            ],
            "description": "",
            "folder_id": "b1gfnin5k6cbrnbsamn0",
            "health_check": [],
            "id": "cl13qr5p49ubdt1u9plc",
            "instance_template": [
              {
                "boot_disk": [
                  {
                    "device_name": "",
                    "disk_id": "",
                    "initialize_params": [
                      {
                        "description": "",
                        "image_id": "fd8tps4kduh4m28n889n",
                        "size": 15,
                        "snapshot_id": "",
                        "type": "network-hdd"
                      }
                    ],
                    "mode": "READ_WRITE",
                    "name": ""
                  }
                ],
                "description": "",
                "filesystem": [],
                "hostname": "",
                "labels": {},
                "metadata": {
                  "user-data": "#cloud-config\nusers:\n  - name: debian\n    groups: sudo\n    shell: /bin/bash\n    sudo: 'ALL=(ALL) NOPASSWD:ALL'\n    ssh_authorized_keys:\n      - \"ssh-ed25519 AAAAC3NzaC1lZDI1NTE5AAAAILAoFf1G4TtCvUyjfoGYU9vzHj+/hM0jAKD830uCiqIW sanya8517@yandex.ru\"\n"
                },
                "metadata_options": [
                  {
                    "aws_v1_http_endpoint": 0,
                    "aws_v1_http_token": 0,
                    "aws_v2_http_endpoint": 0,
                    "aws_v2_http_token": 0,
                    "gce_http_endpoint": 0,
                    "gce_http_token": 0
                  }
                ],
                "name": "",
                "network_interface": [
                  {
                    "dns_record": [],
                    "ip_address": "",
                    "ipv4": true,
                    "ipv6": false,
                    "ipv6_address": "",
                    "ipv6_dns_record": [],
                    "nat": false,
                    "nat_dns_record": [],
                    "nat_ip_address": "",
                    "network_id": "enp3q8tgvc9hols70kdb",
                    "security_group_ids": [
                      "enpu46f4cfpbpednttcc"
                    ],
                    "subnet_ids": [
                      "e2l2q3f3su22bnlv3b0f",
                      "e9brn5tll7qh2rr29n60"
                    ]
                  }
                ],
                "network_settings": [],
                "placement_policy": [],
                "platform_id": "standard-v3",
                "reserved_instance_pool_id": "",
                "resources": [
                  {
                    "core_fraction": 20,
                    "cores": 2,
                    "gpus": 0,
                    "memory": 2
                  }
                ],
                "scheduling_policy": [
                  {
                    "preemptible": false
                  }
                ],
                "secondary_disk": [],
                "service_account_id": ""
              }
            ],
            "instances": [
              {
                "fqdn": "cl13qr5p49ubdt1u9plc-ifuf.ru-central1.internal",
                "instance_id": "fhm58qcve7q9bk0oppl0",
                "instance_tag": "",
                "name": "cl13qr5p49ubdt1u9plc-ifuf",
                "network_interface": [
                  {
                    "index": 0,
                    "ip_address": "10.100.20.15",
                    "ipv4": true,
                    "ipv6": false,
                    "ipv6_address": "",
                    "mac_address": "d0:0d:54:69:9f:71",
                    "nat": false,
                    "nat_ip_address": "",
                    "nat_ip_version": "",
                    "subnet_id": "e9brn5tll7qh2rr29n60"
                  }
                ],
                "status": "RUNNING_ACTUAL",
                "status_changed_at": "2026-08-01T15:29:36Z",
                "status_message": "",
                "zone_id": "ru-central1-a"
              },
              {
                "fqdn": "cl13qr5p49ubdt1u9plc-ydym.ru-central1.internal",
                "instance_id": "epd4bbfhs85t0lmfvhl5",
                "instance_tag": "",
                "name": "cl13qr5p49ubdt1u9plc-ydym",
                "network_interface": [
                  {
                    "index": 0,
                    "ip_address": "10.100.30.15",
                    "ipv4": true,
                    "ipv6": false,
                    "ipv6_address": "",
                    "mac_address": "d0:0d:45:ad:f1:e2",
                    "nat": false,
                    "nat_ip_address": "",
                    "nat_ip_version": "",
                    "subnet_id": "e2l2q3f3su22bnlv3b0f"
                  }
                ],
                "status": "RUNNING_ACTUAL",
                "status_changed_at": "2026-08-01T15:30:22Z",
                "status_message": "",
                "zone_id": "ru-central1-b"
              }
            ],
            "labels": {},
            "load_balancer": [],
            "max_checking_health_duration": null,
            "name": "enterprise-dynamic-web-group",
            "scale_policy": [
              {
                "auto_scale": [],
                "fixed_scale": [
                  {
                    "size": 2
                  }
                ],
                "test_auto_scale": []
              }
            ],
            "service_account_id": "ajebcjbntmsn30g4a486",
            "status": "ACTIVE",
            "timeouts": null,
            "variables": {}
          },
          "sensitive_attributes": [],
          "identity_schema_version": 0,
          "private": "eyJlMmJmYjczMC1lY2FhLTExZTYtOGY4OC0zNDM2M2JjN2M0YzAiOnsiY3JlYXRlIjoxODAwMDAwMDAwMDAwLCJkZWxldGUiOjE4MDAwMDAwMDAwMDAsInVwZGF0ZSI6MTgwMDAwMDAwMDAwMH19",
          "dependencies": [
            "data.yandex_compute_image.debian",
            "yandex_iam_service_account.ig_sa",
            "yandex_resourcemanager_folder_iam_member.ig_editor",
            "yandex_vpc_gateway.nat_gateway",
            "yandex_vpc_network.main_vpc",
            "yandex_vpc_route_table.nat_route_table",
            "yandex_vpc_security_group.web_sg",
            "yandex_vpc_subnet.private_a",
            "yandex_vpc_subnet.private_b"
          ]
        }
      ]
    },
    {
      "mode": "managed",
      "type": "yandex_compute_snapshot_schedule",
      "name": "daily_backup",
      "provider": "provider[\"registry.terraform.io/yandex-cloud/yandex\"]",
      "instances": [
        {
          "schema_version": 0,
          "attributes": {
            "created_at": "2026-08-01T15:29:34Z",
            "description": "",
            "disk_ids": [
              "fhmceotvj42p8c0kmg71",
              "fhmq2ark0psaea2s8peo",
              "fhmtc8uiu90btnudesc0",
              "fhmus6fi3c6kmtu1ogmr"
            ],
            "folder_id": "b1gfnin5k6cbrnbsamn0",
            "id": "fd8l3lka4a3dh2n8bvht",
            "labels": {},
            "name": "daily-infrastructure-backups",
            "retention_period": "168h0m0s",
            "schedule_policy": [
              {
                "expression": "0 0 * * *",
                "start_at": "1970-01-01T00:00:00Z"
              }
            ],
            "snapshot_count": 0,
            "snapshot_spec": [
              {
                "description": "",
                "labels": {}
              }
            ],
            "status": "active",
            "timeouts": null
          },
          "sensitive_attributes": [],
          "identity_schema_version": 0,
          "private": "eyJlMmJmYjczMC1lY2FhLTExZTYtOGY4OC0zNDM2M2JjN2M0YzAiOnsiY3JlYXRlIjozMDAwMDAwMDAwMDAsImRlbGV0ZSI6MzAwMDAwMDAwMDAwLCJ1cGRhdGUiOjMwMDAwMDAwMDAwMH19",
          "dependencies": [
            "data.yandex_compute_image.debian",
            "yandex_compute_instance.bastion",
            "yandex_compute_instance.elasticsearch_storage",
            "yandex_compute_instance.kibana_server",
            "yandex_compute_instance.prometheus",
            "yandex_vpc_gateway.nat_gateway",
            "yandex_vpc_network.main_vpc",
            "yandex_vpc_route_table.nat_route_table",
            "yandex_vpc_security_group.bastion_sg",
            "yandex_vpc_security_group.grafana_sg",
            "yandex_vpc_security_group.internal_mgmt_sg",
            "yandex_vpc_security_group.kibana_sg",
            "yandex_vpc_subnet.private_a",
            "yandex_vpc_subnet.public_a"
          ]
        }
      ]
    },
    {
      "mode": "managed",
      "type": "yandex_iam_service_account",
      "name": "ig_sa",
      "provider": "provider[\"registry.terraform.io/yandex-cloud/yandex\"]",
      "instances": [
        {
          "schema_version": 1,
          "attributes": {
            "created_at": "2026-08-01T15:28:40Z",
            "description": "",
            "expires_at": "1970-01-01T00:00:00Z",
            "folder_id": "b1gfnin5k6cbrnbsamn0",
            "id": "ajebcjbntmsn30g4a486",
            "labels": null,
            "name": "enterprise-ig-service-account",
            "service_account_id": "ajebcjbntmsn30g4a486",
            "status": "ACTIVE",
            "timeouts": null
          },
          "sensitive_attributes": [],
          "identity_schema_version": 0
        }
      ]
    },
    {
      "mode": "managed",
      "type": "yandex_resourcemanager_folder_iam_member",
      "name": "ig_editor",
      "provider": "provider[\"registry.terraform.io/yandex-cloud/yandex\"]",
      "instances": [
        {
          "schema_version": 0,
          "attributes": {
            "folder_id": "b1gfnin5k6cbrnbsamn0",
            "id": "b1gfnin5k6cbrnbsamn0/editor/serviceAccount:ajebcjbntmsn30g4a486",
            "member": "serviceAccount:ajebcjbntmsn30g4a486",
            "role": "editor",
            "sleep_after": null
          },
          "sensitive_attributes": [],
          "identity_schema_version": 0,
          "dependencies": [
            "yandex_iam_service_account.ig_sa"
          ]
        }
      ]
    },
    {
      "mode": "managed",
      "type": "yandex_vpc_gateway",
      "name": "nat_gateway",
      "provider": "provider[\"registry.terraform.io/yandex-cloud/yandex\"]",
      "instances": [
        {
          "schema_version": 0,
          "attributes": {
            "created_at": "2026-08-01T15:28:39Z",
            "description": "",
            "folder_id": "b1gfnin5k6cbrnbsamn0",
            "id": "enpkq1neeqjud4konuo9",
            "labels": {},
            "name": "enterprise-nat-gateway",
            "shared_egress_gateway": [
              {}
            ],
            "timeouts": null
          },
          "sensitive_attributes": [],
          "identity_schema_version": 0,
          "private": "eyJlMmJmYjczMC1lY2FhLTExZTYtOGY4OC0zNDM2M2JjN2M0YzAiOnsiY3JlYXRlIjo2MDAwMDAwMDAwMCwiZGVsZXRlIjo2MDAwMDAwMDAwMCwidXBkYXRlIjo2MDAwMDAwMDAwMH19"
        }
      ]
    },
    {
      "mode": "managed",
      "type": "yandex_vpc_network",
      "name": "main_vpc",
      "provider": "provider[\"registry.terraform.io/yandex-cloud/yandex\"]",
      "instances": [
        {
          "schema_version": 0,
          "attributes": {
            "created_at": "2026-08-01T15:28:39Z",
            "default_security_group_id": "enpmj3hhq6k6v40ragj7",
            "description": "",
            "folder_id": "b1gfnin5k6cbrnbsamn0",
            "id": "enp3q8tgvc9hols70kdb",
            "labels": {},
            "name": "enterprise-main-vpc",
            "subnet_ids": [
              "e2l2q3f3su22bnlv3b0f",
              "e9bcch0ej545u5m266q5",
              "e9brn5tll7qh2rr29n60"
            ],
            "timeouts": null
          },
          "sensitive_attributes": [],
          "identity_schema_version": 0,
          "private": "eyJlMmJmYjczMC1lY2FhLTExZTYtOGY4OC0zNDM2M2JjN2M0YzAiOnsiY3JlYXRlIjo2MDAwMDAwMDAwMCwiZGVsZXRlIjo2MDAwMDAwMDAwMCwidXBkYXRlIjo2MDAwMDAwMDAwMH19"
        }
      ]
    },
    {
      "mode": "managed",
      "type": "yandex_vpc_route_table",
      "name": "nat_route_table",
      "provider": "provider[\"registry.terraform.io/yandex-cloud/yandex\"]",
      "instances": [
        {
          "schema_version": 0,
          "attributes": {
            "created_at": "2026-08-01T15:28:42Z",
            "description": "",
            "folder_id": "b1gfnin5k6cbrnbsamn0",
            "id": "enp5ce6sn4b9fkfdqa69",
            "labels": {},
            "name": "enterprise-nat-route-table",
            "network_id": "enp3q8tgvc9hols70kdb",
            "static_route": [
              {
                "destination_prefix": "0.0.0.0/0",
                "gateway_id": "enpkq1neeqjud4konuo9",
                "next_hop_address": ""
              }
            ],
            "timeouts": null
          },
          "sensitive_attributes": [],
          "identity_schema_version": 0,
          "private": "eyJlMmJmYjczMC1lY2FhLTExZTYtOGY4OC0zNDM2M2JjN2M0YzAiOnsiY3JlYXRlIjoxODAwMDAwMDAwMDAsImRlbGV0ZSI6MTgwMDAwMDAwMDAwLCJ1cGRhdGUiOjE4MDAwMDAwMDAwMH19",
          "dependencies": [
            "yandex_vpc_gateway.nat_gateway",
            "yandex_vpc_network.main_vpc"
          ]
        }
      ]
    },
    {
      "mode": "managed",
      "type": "yandex_vpc_security_group",
      "name": "bastion_sg",
      "provider": "provider[\"registry.terraform.io/yandex-cloud/yandex\"]",
      "instances": [
        {
          "schema_version": 0,
          "attributes": {
            "created_at": "2026-08-01T15:28:46Z",
            "description": "",
            "egress": [
              {
                "description": "",
                "from_port": -1,
                "id": "enpdg6oqk1pv0fto7o7q",
                "labels": {},
                "port": -1,
                "predefined_target": "",
                "protocol": "ANY",
                "security_group_id": "",
                "to_port": -1,
                "v4_cidr_blocks": [
                  "0.0.0.0/0"
                ],
                "v6_cidr_blocks": []
              }
            ],
            "folder_id": "b1gfnin5k6cbrnbsamn0",
            "id": "enphijq3nme15e5rjine",
            "ingress": [
              {
                "description": "",
                "from_port": -1,
                "id": "enpbad1qlvvgkphlkp68",
                "labels": {},
                "port": 22,
                "predefined_target": "",
                "protocol": "TCP",
                "security_group_id": "",
                "to_port": -1,
                "v4_cidr_blocks": [
                  "0.0.0.0/0"
                ],
                "v6_cidr_blocks": []
              }
            ],
            "labels": {},
            "name": "enterprise-bastion-sg",
            "network_id": "enp3q8tgvc9hols70kdb",
            "status": "ACTIVE",
            "timeouts": null
          },
          "sensitive_attributes": [],
          "identity_schema_version": 0,
          "private": "eyJlMmJmYjczMC1lY2FhLTExZTYtOGY4OC0zNDM2M2JjN2M0YzAiOnsiY3JlYXRlIjoxODAwMDAwMDAwMDAsImRlbGV0ZSI6MTgwMDAwMDAwMDAwLCJ1cGRhdGUiOjE4MDAwMDAwMDAwMH19",
          "dependencies": [
            "yandex_vpc_network.main_vpc"
          ]
        }
      ]
    },
    {
      "mode": "managed",
      "type": "yandex_vpc_security_group",
      "name": "grafana_sg",
      "provider": "provider[\"registry.terraform.io/yandex-cloud/yandex\"]",
      "instances": [
        {
          "schema_version": 0,
          "attributes": {
            "created_at": "2026-08-01T15:28:49Z",
            "description": "",
            "egress": [
              {
                "description": "",
                "from_port": -1,
                "id": "enp6pkt50japqojl6qf0",
                "labels": {},
                "port": -1,
                "predefined_target": "",
                "protocol": "ANY",
                "security_group_id": "",
                "to_port": -1,
                "v4_cidr_blocks": [
                  "0.0.0.0/0"
                ],
                "v6_cidr_blocks": []
              }
            ],
            "folder_id": "b1gfnin5k6cbrnbsamn0",
            "id": "enpfbs4qoch32l8khs56",
            "ingress": [
              {
                "description": "",
                "from_port": -1,
                "id": "enp4a5olrnu0rj0u81cs",
                "labels": {},
                "port": 3000,
                "predefined_target": "",
                "protocol": "TCP",
                "security_group_id": "",
                "to_port": -1,
                "v4_cidr_blocks": [
                  "0.0.0.0/0"
                ],
                "v6_cidr_blocks": []
              },
              {
                "description": "",
                "from_port": -1,
                "id": "enp8mfrpc571sijt61um",
                "labels": {},
                "port": 22,
                "predefined_target": "",
                "protocol": "TCP",
                "security_group_id": "",
                "to_port": -1,
                "v4_cidr_blocks": [
                  "0.0.0.0/0"
                ],
                "v6_cidr_blocks": []
              }
            ],
            "labels": {},
            "name": "enterprise-grafana-sg",
            "network_id": "enp3q8tgvc9hols70kdb",
            "status": "ACTIVE",
            "timeouts": null
          },
          "sensitive_attributes": [],
          "identity_schema_version": 0,
          "private": "eyJlMmJmYjczMC1lY2FhLTExZTYtOGY4OC0zNDM2M2JjN2M0YzAiOnsiY3JlYXRlIjoxODAwMDAwMDAwMDAsImRlbGV0ZSI6MTgwMDAwMDAwMDAwLCJ1cGRhdGUiOjE4MDAwMDAwMDAwMH19",
          "dependencies": [
            "yandex_vpc_network.main_vpc"
          ]
        }
      ]
    },
    {
      "mode": "managed",
      "type": "yandex_vpc_security_group",
      "name": "internal_mgmt_sg",
      "provider": "provider[\"registry.terraform.io/yandex-cloud/yandex\"]",
      "instances": [
        {
          "schema_version": 0,
          "attributes": {
            "created_at": "2026-08-01T15:28:47Z",
            "description": "",
            "egress": [
              {
                "description": "",
                "from_port": -1,
                "id": "enp4nsbo0fue8bomfj2b",
                "labels": {},
                "port": -1,
                "predefined_target": "",
                "protocol": "ANY",
                "security_group_id": "",
                "to_port": -1,
                "v4_cidr_blocks": [
                  "0.0.0.0/0"
                ],
                "v6_cidr_blocks": []
              }
            ],
            "folder_id": "b1gfnin5k6cbrnbsamn0",
            "id": "enphlehj0us5fpnlu2iu",
            "ingress": [
              {
                "description": "",
                "from_port": -1,
                "id": "enp5v2doph1bu33tnpcb",
                "labels": {},
                "port": 9113,
                "predefined_target": "",
                "protocol": "TCP",
                "security_group_id": "",
                "to_port": -1,
                "v4_cidr_blocks": [
                  "10.100.0.0/16"
                ],
                "v6_cidr_blocks": []
              },
              {
                "description": "",
                "from_port": -1,
                "id": "enpcj3lqj0lo08s1ffpv",
                "labels": {},
                "port": 22,
                "predefined_target": "",
                "protocol": "TCP",
                "security_group_id": "",
                "to_port": -1,
                "v4_cidr_blocks": [
                  "0.0.0.0/0"
                ],
                "v6_cidr_blocks": []
              },
              {
                "description": "",
                "from_port": -1,
                "id": "enpfn8cs58e8mf203vi8",
                "labels": {},
                "port": 9100,
                "predefined_target": "",
                "protocol": "TCP",
                "security_group_id": "",
                "to_port": -1,
                "v4_cidr_blocks": [
                  "10.100.0.0/16"
                ],
                "v6_cidr_blocks": []
              },
              {
                "description": "",
                "from_port": -1,
                "id": "enpgnib3vc4o0dc973v6",
                "labels": {},
                "port": -1,
                "predefined_target": "",
                "protocol": "ICMP",
                "security_group_id": "",
                "to_port": -1,
                "v4_cidr_blocks": [
                  "10.100.0.0/16"
                ],
                "v6_cidr_blocks": []
              },
              {
                "description": "",
                "from_port": -1,
                "id": "enpqc7upr1ibmu7c1da7",
                "labels": {},
                "port": 9090,
                "predefined_target": "",
                "protocol": "TCP",
                "security_group_id": "",
                "to_port": -1,
                "v4_cidr_blocks": [
                  "10.100.0.0/16"
                ],
                "v6_cidr_blocks": []
              },
              {
                "description": "",
                "from_port": -1,
                "id": "enpstjfk45g5qbigoqgr",
                "labels": {},
                "port": 9200,
                "predefined_target": "",
                "protocol": "TCP",
                "security_group_id": "",
                "to_port": -1,
                "v4_cidr_blocks": [
                  "10.100.0.0/16"
                ],
                "v6_cidr_blocks": []
              }
            ],
            "labels": {},
            "name": "enterprise-internal-mgmt-sg",
            "network_id": "enp3q8tgvc9hols70kdb",
            "status": "ACTIVE",
            "timeouts": null
          },
          "sensitive_attributes": [],
          "identity_schema_version": 0,
          "private": "eyJlMmJmYjczMC1lY2FhLTExZTYtOGY4OC0zNDM2M2JjN2M0YzAiOnsiY3JlYXRlIjoxODAwMDAwMDAwMDAsImRlbGV0ZSI6MTgwMDAwMDAwMDAwLCJ1cGRhdGUiOjE4MDAwMDAwMDAwMH19",
          "dependencies": [
            "yandex_vpc_network.main_vpc"
          ]
        }
      ]
    },
    {
      "mode": "managed",
      "type": "yandex_vpc_security_group",
      "name": "kibana_sg",
      "provider": "provider[\"registry.terraform.io/yandex-cloud/yandex\"]",
      "instances": [
        {
          "schema_version": 0,
          "attributes": {
            "created_at": "2026-08-01T15:28:43Z",
            "description": "",
            "egress": [
              {
                "description": "",
                "from_port": -1,
                "id": "enp73enb2ain0ep74f44",
                "labels": {},
                "port": -1,
                "predefined_target": "",
                "protocol": "ANY",
                "security_group_id": "",
                "to_port": -1,
                "v4_cidr_blocks": [
                  "0.0.0.0/0"
                ],
                "v6_cidr_blocks": []
              }
            ],
            "folder_id": "b1gfnin5k6cbrnbsamn0",
            "id": "enpg1va1atgsqn5fmer5",
            "ingress": [
              {
                "description": "",
                "from_port": -1,
                "id": "enp236kntopac3885mqs",
                "labels": {},
                "port": 22,
                "predefined_target": "",
                "protocol": "TCP",
                "security_group_id": "",
                "to_port": -1,
                "v4_cidr_blocks": [
                  "0.0.0.0/0"
                ],
                "v6_cidr_blocks": []
              },
              {
                "description": "",
                "from_port": -1,
                "id": "enpa7t47lt0o988njs2o",
                "labels": {},
                "port": 5601,
                "predefined_target": "",
                "protocol": "TCP",
                "security_group_id": "",
                "to_port": -1,
                "v4_cidr_blocks": [
                  "0.0.0.0/0"
                ],
                "v6_cidr_blocks": []
              }
            ],
            "labels": {},
            "name": "enterprise-kibana-sg",
            "network_id": "enp3q8tgvc9hols70kdb",
            "status": "ACTIVE",
            "timeouts": null
          },
          "sensitive_attributes": [],
          "identity_schema_version": 0,
          "private": "eyJlMmJmYjczMC1lY2FhLTExZTYtOGY4OC0zNDM2M2JjN2M0YzAiOnsiY3JlYXRlIjoxODAwMDAwMDAwMDAsImRlbGV0ZSI6MTgwMDAwMDAwMDAwLCJ1cGRhdGUiOjE4MDAwMDAwMDAwMH19",
          "dependencies": [
            "yandex_vpc_network.main_vpc"
          ]
        }
      ]
    },
    {
      "mode": "managed",
      "type": "yandex_vpc_security_group",
      "name": "web_sg",
      "provider": "provider[\"registry.terraform.io/yandex-cloud/yandex\"]",
      "instances": [
        {
          "schema_version": 0,
          "attributes": {
            "created_at": "2026-08-01T15:28:44Z",
            "description": "",
            "egress": [
              {
                "description": "",
                "from_port": -1,
                "id": "enp408tohm84mfppnian",
                "labels": {},
                "port": -1,
                "predefined_target": "",
                "protocol": "ANY",
                "security_group_id": "",
                "to_port": -1,
                "v4_cidr_blocks": [
                  "0.0.0.0/0"
                ],
                "v6_cidr_blocks": []
              }
            ],
            "folder_id": "b1gfnin5k6cbrnbsamn0",
            "id": "enpu46f4cfpbpednttcc",
            "ingress": [
              {
                "description": "",
                "from_port": -1,
                "id": "enpaj2u6ce4v6mbekdkn",
                "labels": {},
                "port": 443,
                "predefined_target": "",
                "protocol": "TCP",
                "security_group_id": "",
                "to_port": -1,
                "v4_cidr_blocks": [
                  "0.0.0.0/0"
                ],
                "v6_cidr_blocks": []
              },
              {
                "description": "",
                "from_port": -1,
                "id": "enpou4r77qcnjui140ho",
                "labels": {},
                "port": 80,
                "predefined_target": "",
                "protocol": "TCP",
                "security_group_id": "",
                "to_port": -1,
                "v4_cidr_blocks": [
                  "0.0.0.0/0"
                ],
                "v6_cidr_blocks": []
              },
              {
                "description": "",
                "from_port": -1,
                "id": "enprvinps2b4oitnqv1d",
                "labels": {},
                "port": 22,
                "predefined_target": "",
                "protocol": "TCP",
                "security_group_id": "",
                "to_port": -1,
                "v4_cidr_blocks": [
                  "0.0.0.0/0"
                ],
                "v6_cidr_blocks": []
              }
            ],
            "labels": {},
            "name": "enterprise-web-sg",
            "network_id": "enp3q8tgvc9hols70kdb",
            "status": "ACTIVE",
            "timeouts": null
          },
          "sensitive_attributes": [],
          "identity_schema_version": 0,
          "private": "eyJlMmJmYjczMC1lY2FhLTExZTYtOGY4OC0zNDM2M2JjN2M0YzAiOnsiY3JlYXRlIjoxODAwMDAwMDAwMDAsImRlbGV0ZSI6MTgwMDAwMDAwMDAwLCJ1cGRhdGUiOjE4MDAwMDAwMDAwMH19",
          "dependencies": [
            "yandex_vpc_network.main_vpc"
          ]
        }
      ]
    },
    {
      "mode": "managed",
      "type": "yandex_vpc_subnet",
      "name": "private_a",
      "provider": "provider[\"registry.terraform.io/yandex-cloud/yandex\"]",
      "instances": [
        {
          "schema_version": 0,
          "attributes": {
            "created_at": "2026-08-01T15:28:43Z",
            "description": "",
            "dhcp_options": [],
            "folder_id": "b1gfnin5k6cbrnbsamn0",
            "id": "e9brn5tll7qh2rr29n60",
            "labels": {},
            "name": "enterprise-private-subnet-a",
            "network_id": "enp3q8tgvc9hols70kdb",
            "route_table_id": "enp5ce6sn4b9fkfdqa69",
            "timeouts": null,
            "v4_cidr_blocks": [
              "10.100.20.0/24"
            ],
            "v6_cidr_blocks": [],
            "zone": "ru-central1-a"
          },
          "sensitive_attributes": [],
          "identity_schema_version": 0,
          "private": "eyJlMmJmYjczMC1lY2FhLTExZTYtOGY4OC0zNDM2M2JjN2M0YzAiOnsiY3JlYXRlIjoxODAwMDAwMDAwMDAsImRlbGV0ZSI6MTgwMDAwMDAwMDAwLCJ1cGRhdGUiOjE4MDAwMDAwMDAwMH19",
          "dependencies": [
            "yandex_vpc_gateway.nat_gateway",
            "yandex_vpc_network.main_vpc",
            "yandex_vpc_route_table.nat_route_table"
          ]
        }
      ]
    },
    {
      "mode": "managed",
      "type": "yandex_vpc_subnet",
      "name": "private_b",
      "provider": "provider[\"registry.terraform.io/yandex-cloud/yandex\"]",
      "instances": [
        {
          "schema_version": 0,
          "attributes": {
            "created_at": "2026-08-01T15:28:43Z",
            "description": "",
            "dhcp_options": [],
            "folder_id": "b1gfnin5k6cbrnbsamn0",
            "id": "e2l2q3f3su22bnlv3b0f",
            "labels": {},
            "name": "enterprise-private-subnet-b",
            "network_id": "enp3q8tgvc9hols70kdb",
            "route_table_id": "enp5ce6sn4b9fkfdqa69",
            "timeouts": null,
            "v4_cidr_blocks": [
              "10.100.30.0/24"
            ],
            "v6_cidr_blocks": [],
            "zone": "ru-central1-b"
          },
          "sensitive_attributes": [],
          "identity_schema_version": 0,
          "private": "eyJlMmJmYjczMC1lY2FhLTExZTYtOGY4OC0zNDM2M2JjN2M0YzAiOnsiY3JlYXRlIjoxODAwMDAwMDAwMDAsImRlbGV0ZSI6MTgwMDAwMDAwMDAwLCJ1cGRhdGUiOjE4MDAwMDAwMDAwMH19",
          "dependencies": [
            "yandex_vpc_gateway.nat_gateway",
            "yandex_vpc_network.main_vpc",
            "yandex_vpc_route_table.nat_route_table"
          ]
        }
      ]
    },
    {
      "mode": "managed",
      "type": "yandex_vpc_subnet",
      "name": "public_a",
      "provider": "provider[\"registry.terraform.io/yandex-cloud/yandex\"]",
      "instances": [
        {
          "schema_version": 0,
          "attributes": {
            "created_at": "2026-08-01T15:28:41Z",
            "description": "",
            "dhcp_options": [],
            "folder_id": "b1gfnin5k6cbrnbsamn0",
            "id": "e9bcch0ej545u5m266q5",
            "labels": {},
            "name": "enterprise-public-subnet-a",
            "network_id": "enp3q8tgvc9hols70kdb",
            "route_table_id": "",
            "timeouts": null,
            "v4_cidr_blocks": [
              "10.100.10.0/24"
            ],
            "v6_cidr_blocks": [],
            "zone": "ru-central1-a"
          },
          "sensitive_attributes": [],
          "identity_schema_version": 0,
          "private": "eyJlMmJmYjczMC1lY2FhLTExZTYtOGY4OC0zNDM2M2JjN2M0YzAiOnsiY3JlYXRlIjoxODAwMDAwMDAwMDAsImRlbGV0ZSI6MTgwMDAwMDAwMDAwLCJ1cGRhdGUiOjE4MDAwMDAwMDAwMH19",
          "dependencies": [
            "yandex_vpc_network.main_vpc"
          ]
        }
      ]
    }
  ],
  "check_results": null
}
